
Microsoft Visual Studio Solution File, Format Version 12.00
# Visual Studio Version 17
VisualStudioVersion = 17.2.32630.192
MinimumVisualStudioVersion = 10.0.40219.1
Project("{9A19103F-16F7-4668-BE54-9A1E7A4F7556}") = "R5T.F0118.Construction", "R5T.F0118.Construction\R5T.F0118.Construction.csproj", "{C7F2FF7B-6946-45FF-A2E0-169148173094}"
EndProject
Project("{9A19103F-16F7-4668-BE54-9A1E7A4F7556}") = "R5T.F0118", "R5T.F0118\R5T.F0118.csproj", "{6D2CA390-4AE1-42C0-9239-C8AF3AADAF1F}"
EndProject
Project("{2150E333-8FDC-42A3-9474-1A3956D46DE8}") = "_Dependencies", "_Dependencies", "{7CC0D1DA-7007-42F9-89A2-67BD3FB9E4E5}"
EndProject
Project("{9A19103F-16F7-4668-BE54-9A1E7A4F7556}") = "R5T.T0131", "..\..\R5T.T0131\source\R5T.T0131\R5T.T0131.csproj", "{514E1742-7590-46C0-8B86-F3A2E2C0FA07}"
EndProject
Project("{9A19103F-16F7-4668-BE54-9A1E7A4F7556}") = "R5T.T0132", "..\..\R5T.T0132\source\R5T.T0132\R5T.T0132.csproj", "{91200BB1-9859-410F-8AF9-C05AB4384D8B}"
EndProject
Project("{9A19103F-16F7-4668-BE54-9A1E7A4F7556}") = "R5T.T0143", "..\..\R5T.T0143\source\R5T.T0143\R5T.T0143.csproj", "{21697327-548B-48C1-B1A8-69D2168B2CB8}"
EndProject
Project("{9A19103F-16F7-4668-BE54-9A1E7A4F7556}") = "R5T.T0178", "..\..\R5T.T0178\source\R5T.T0178\R5T.T0178.csproj", "{BD123A09-BF6F-45B8-8643-79A95D5529C8}"
EndProject
Project("{9A19103F-16F7-4668-BE54-9A1E7A4F7556}") = "R5T.T0179", "..\..\R5T.T0179\source\R5T.T0179\R5T.T0179.csproj", "{910994D6-CD2E-4FD8-A76F-745BCABA65C7}"
EndProject
Project("{9A19103F-16F7-4668-BE54-9A1E7A4F7556}") = "R5T.T0180", "..\..\R5T.T0180\source\R5T.T0180\R5T.T0180.csproj", "{34C1B5F9-9366-45AE-A3F8-C29FB5B347E6}"
EndProject
Project("{9A19103F-16F7-4668-BE54-9A1E7A4F7556}") = "R5T.Z0026", "..\..\R5T.Z0026\source\R5T.Z0026\R5T.Z0026.csproj", "{2CB52CCF-5064-45D8-99DE-F7BF2DD157A6}"
EndProject
Project("{9A19103F-16F7-4668-BE54-9A1E7A4F7556}") = "R5T.T0181", "..\..\R5T.T0181\source\R5T.T0181\R5T.T0181.csproj", "{6E73EB1D-65CB-44D9-8C7A-5ED5EFDEE42B}"
EndProject
Project("{9A19103F-16F7-4668-BE54-9A1E7A4F7556}") = "R5T.F0000", "..\..\R5T.F0000\source\R5T.F0000\R5T.F0000.csproj", "{77FBEAED-DEB3-4041-B471-8D53C0A87ADC}"
EndProject
Project("{9A19103F-16F7-4668-BE54-9A1E7A4F7556}") = "R5T.F0002", "..\..\R5T.F0002\source\R5T.F0002\R5T.F0002.csproj", "{A78871F4-3F55-4B99-8A3A-4EE6CA264651}"
EndProject
Project("{9A19103F-16F7-4668-BE54-9A1E7A4F7556}") = "R5T.T0142", "..\..\R5T.T0142\source\R5T.T0142\R5T.T0142.csproj", "{B68D12A6-2755-47F8-9300-AEA8369B6E38}"
EndProject
Project("{9A19103F-16F7-4668-BE54-9A1E7A4F7556}") = "R5T.T0156", "..\..\R5T.T0156\source\R5T.T0156\R5T.T0156.csproj", "{A39D861E-2C0F-4A9C-8BBB-0631B0A11178}"
EndProject
Project("{9A19103F-16F7-4668-BE54-9A1E7A4F7556}") = "R5T.Y0000", "..\..\R5T.Y0000\source\R5T.Y0000\R5T.Y0000.csproj", "{BE6CF80E-1EE6-4D21-B8FE-B156FDB6B507}"
EndProject
Project("{9A19103F-16F7-4668-BE54-9A1E7A4F7556}") = "R5T.Z0000", "..\..\R5T.Z0000\source\R5T.Z0000\R5T.Z0000.csproj", "{77BD5B2E-9BFF-4A73-9DA2-38A34D508CE1}"
EndProject
Project("{9A19103F-16F7-4668-BE54-9A1E7A4F7556}") = "R5T.F0017.F002", "..\..\R5T.F0017\source\R5T.F0017.F002\R5T.F0017.F002.csproj", "{BBF310E7-FC91-4233-BB1C-7B5F1BA16F9D}"
EndProject
Project("{9A19103F-16F7-4668-BE54-9A1E7A4F7556}") = "R5T.F0018", "..\..\R5T.F0018\source\R5T.F0018\R5T.F0018.csproj", "{DE100D07-97F4-4E71-BE96-5E2460C909F5}"
EndProject
Project("{9A19103F-16F7-4668-BE54-9A1E7A4F7556}") = "R5T.F0032", "..\..\R5T.F0032\source\R5T.F0032\R5T.F0032.csproj", "{44420AB3-5491-423C-A2F5-8A5C3A541D22}"
EndProject
Project("{9A19103F-16F7-4668-BE54-9A1E7A4F7556}") = "R5T.F0099.T000", "..\..\R5T.F0099\source\R5T.F0099.T000\R5T.F0099.T000.csproj", "{134A7459-1185-4AC7-B0E1-EDFB9DEEC861}"
EndProject
Project("{9A19103F-16F7-4668-BE54-9A1E7A4F7556}") = "R5T.F0109", "..\..\R5T.F0109\source\R5T.F0109\R5T.F0109.csproj", "{C14671E9-71D9-4F8C-910C-8C28F3DB30FE}"
EndProject
Project("{9A19103F-16F7-4668-BE54-9A1E7A4F7556}") = "R5T.NG0008", "..\..\R5T.NG0008\source\R5T.NG0008\R5T.NG0008.csproj", "{CFEA8332-14EE-49FC-BB5C-A5FF5E79D282}"
EndProject
Project("{9A19103F-16F7-4668-BE54-9A1E7A4F7556}") = "R5T.NG0010", "..\..\R5T.NG0010\source\R5T.NG0010\R5T.NG0010.csproj", "{8BD28EFB-B0E3-4485-811B-CAFF98A9980A}"
EndProject
Project("{9A19103F-16F7-4668-BE54-9A1E7A4F7556}") = "R5T.T0150", "..\..\R5T.T0150\source\R5T.T0150\R5T.T0150.csproj", "{F54BE52B-47AB-4FCD-8D6E-F2BBDA7A8AC1}"
EndProject
Project("{9A19103F-16F7-4668-BE54-9A1E7A4F7556}") = "R5T.T0151", "..\..\R5T.T0151\source\R5T.T0151\R5T.T0151.csproj", "{2F8866EB-6201-4942-B85A-ADAFA75DC9F8}"
EndProject
Project("{9A19103F-16F7-4668-BE54-9A1E7A4F7556}") = "R5T.T0161", "..\..\R5T.T0161\source\R5T.T0161\R5T.T0161.csproj", "{B7F73EC6-F979-450E-BDED-CA32A0A6B21F}"
EndProject
Project("{9A19103F-16F7-4668-BE54-9A1E7A4F7556}") = "R5T.T0162", "..\..\R5T.T0162\source\R5T.T0162\R5T.T0162.csproj", "{CEC8EAAE-B436-4DC9-AECD-3A063178F740}"
EndProject
Project("{9A19103F-16F7-4668-BE54-9A1E7A4F7556}") = "R5T.T0169", "..\..\R5T.T0169\source\R5T.T0169\R5T.T0169.csproj", "{A74A172D-CA8C-4140-BA8D-BCD19E44B4CC}"
EndProject
Project("{9A19103F-16F7-4668-BE54-9A1E7A4F7556}") = "R5T.T0170", "..\..\R5T.T0170\source\R5T.T0170\R5T.T0170.csproj", "{3B9B62FF-7D53-4AD4-A725-31622A5B3EA8}"
EndProject
Project("{9A19103F-16F7-4668-BE54-9A1E7A4F7556}") = "R5T.T0171", "..\..\R5T.T0171\source\R5T.T0171\R5T.T0171.csproj", "{9DEE92E1-38C3-47B6-859A-5922CEC3A0D2}"
EndProject
Project("{9A19103F-16F7-4668-BE54-9A1E7A4F7556}") = "R5T.T0172", "..\..\R5T.T0172\source\R5T.T0172\R5T.T0172.csproj", "{0F3D68B8-EC45-4EDC-B316-B05D87B29EFB}"
EndProject
Project("{9A19103F-16F7-4668-BE54-9A1E7A4F7556}") = "R5T.T0173", "..\..\R5T.T0173\source\R5T.T0173\R5T.T0173.csproj", "{F2627B9A-6F6F-42E1-BA0C-B5D7AD3C9DE7}"
EndProject
Project("{9A19103F-16F7-4668-BE54-9A1E7A4F7556}") = "R5T.Z0037", "..\..\R5T.Z0037\source\R5T.Z0037\R5T.Z0037.csproj", "{CDF86EF1-A516-4CD2-AF3A-339F7956DA14}"
EndProject
Global
	GlobalSection(NestedProjects) = preSolution
		{514E1742-7590-46C0-8B86-F3A2E2C0FA07} = {7CC0D1DA-7007-42F9-89A2-67BD3FB9E4E5}
		{91200BB1-9859-410F-8AF9-C05AB4384D8B} = {7CC0D1DA-7007-42F9-89A2-67BD3FB9E4E5}
		{21697327-548B-48C1-B1A8-69D2168B2CB8} = {7CC0D1DA-7007-42F9-89A2-67BD3FB9E4E5}
		{BD123A09-BF6F-45B8-8643-79A95D5529C8} = {7CC0D1DA-7007-42F9-89A2-67BD3FB9E4E5}
		{910994D6-CD2E-4FD8-A76F-745BCABA65C7} = {7CC0D1DA-7007-42F9-89A2-67BD3FB9E4E5}
		{34C1B5F9-9366-45AE-A3F8-C29FB5B347E6} = {7CC0D1DA-7007-42F9-89A2-67BD3FB9E4E5}
		{2CB52CCF-5064-45D8-99DE-F7BF2DD157A6} = {7CC0D1DA-7007-42F9-89A2-67BD3FB9E4E5}
		{6E73EB1D-65CB-44D9-8C7A-5ED5EFDEE42B} = {7CC0D1DA-7007-42F9-89A2-67BD3FB9E4E5}
		{77FBEAED-DEB3-4041-B471-8D53C0A87ADC} = {7CC0D1DA-7007-42F9-89A2-67BD3FB9E4E5}
		{A78871F4-3F55-4B99-8A3A-4EE6CA264651} = {7CC0D1DA-7007-42F9-89A2-67BD3FB9E4E5}
		{B68D12A6-2755-47F8-9300-AEA8369B6E38} = {7CC0D1DA-7007-42F9-89A2-67BD3FB9E4E5}
		{A39D861E-2C0F-4A9C-8BBB-0631B0A11178} = {7CC0D1DA-7007-42F9-89A2-67BD3FB9E4E5}
		{BE6CF80E-1EE6-4D21-B8FE-B156FDB6B507} = {7CC0D1DA-7007-42F9-89A2-67BD3FB9E4E5}
		{77BD5B2E-9BFF-4A73-9DA2-38A34D508CE1} = {7CC0D1DA-7007-42F9-89A2-67BD3FB9E4E5}
		{BBF310E7-FC91-4233-BB1C-7B5F1BA16F9D} = {7CC0D1DA-7007-42F9-89A2-67BD3FB9E4E5}
		{DE100D07-97F4-4E71-BE96-5E2460C909F5} = {7CC0D1DA-7007-42F9-89A2-67BD3FB9E4E5}
		{44420AB3-5491-423C-A2F5-8A5C3A541D22} = {7CC0D1DA-7007-42F9-89A2-67BD3FB9E4E5}
		{134A7459-1185-4AC7-B0E1-EDFB9DEEC861} = {7CC0D1DA-7007-42F9-89A2-67BD3FB9E4E5}
		{C14671E9-71D9-4F8C-910C-8C28F3DB30FE} = {7CC0D1DA-7007-42F9-89A2-67BD3FB9E4E5}
		{CFEA8332-14EE-49FC-BB5C-A5FF5E79D282} = {7CC0D1DA-7007-42F9-89A2-67BD3FB9E4E5}
		{8BD28EFB-B0E3-4485-811B-CAFF98A9980A} = {7CC0D1DA-7007-42F9-89A2-67BD3FB9E4E5}
		{F54BE52B-47AB-4FCD-8D6E-F2BBDA7A8AC1} = {7CC0D1DA-7007-42F9-89A2-67BD3FB9E4E5}
		{2F8866EB-6201-4942-B85A-ADAFA75DC9F8} = {7CC0D1DA-7007-42F9-89A2-67BD3FB9E4E5}
		{B7F73EC6-F979-450E-BDED-CA32A0A6B21F} = {7CC0D1DA-7007-42F9-89A2-67BD3FB9E4E5}
		{CEC8EAAE-B436-4DC9-AECD-3A063178F740} = {7CC0D1DA-7007-42F9-89A2-67BD3FB9E4E5}
		{A74A172D-CA8C-4140-BA8D-BCD19E44B4CC} = {7CC0D1DA-7007-42F9-89A2-67BD3FB9E4E5}
		{3B9B62FF-7D53-4AD4-A725-31622A5B3EA8} = {7CC0D1DA-7007-42F9-89A2-67BD3FB9E4E5}
		{9DEE92E1-38C3-47B6-859A-5922CEC3A0D2} = {7CC0D1DA-7007-42F9-89A2-67BD3FB9E4E5}
		{0F3D68B8-EC45-4EDC-B316-B05D87B29EFB} = {7CC0D1DA-7007-42F9-89A2-67BD3FB9E4E5}
		{F2627B9A-6F6F-42E1-BA0C-B5D7AD3C9DE7} = {7CC0D1DA-7007-42F9-89A2-67BD3FB9E4E5}
		{CDF86EF1-A516-4CD2-AF3A-339F7956DA14} = {7CC0D1DA-7007-42F9-89A2-67BD3FB9E4E5}
	EndGlobalSection
	GlobalSection(SolutionConfigurationPlatforms) = preSolution
		Debug|Any CPU = Debug|Any CPU
		Release|Any CPU = Release|Any CPU
	EndGlobalSection
	GlobalSection(ProjectConfigurationPlatforms) = postSolution
		{C7F2FF7B-6946-45FF-A2E0-169148173094}.Debug|Any CPU.ActiveCfg = Debug|Any CPU
		{C7F2FF7B-6946-45FF-A2E0-169148173094}.Debug|Any CPU.Build.0 = Debug|Any CPU
		{C7F2FF7B-6946-45FF-A2E0-169148173094}.Release|Any CPU.ActiveCfg = Release|Any CPU
		{C7F2FF7B-6946-45FF-A2E0-169148173094}.Release|Any CPU.Build.0 = Release|Any CPU
		{6D2CA390-4AE1-42C0-9239-C8AF3AADAF1F}.Debug|Any CPU.ActiveCfg = Debug|Any CPU
		{6D2CA390-4AE1-42C0-9239-C8AF3AADAF1F}.Debug|Any CPU.Build.0 = Debug|Any CPU
		{6D2CA390-4AE1-42C0-9239-C8AF3AADAF1F}.Release|Any CPU.ActiveCfg = Release|Any CPU
		{6D2CA390-4AE1-42C0-9239-C8AF3AADAF1F}.Release|Any CPU.Build.0 = Release|Any CPU
		{514E1742-7590-46C0-8B86-F3A2E2C0FA07}.Debug|Any CPU.ActiveCfg = Debug|Any CPU
		{514E1742-7590-46C0-8B86-F3A2E2C0FA07}.Debug|Any CPU.Build.0 = Debug|Any CPU
		{514E1742-7590-46C0-8B86-F3A2E2C0FA07}.Release|Any CPU.ActiveCfg = Release|Any CPU
		{514E1742-7590-46C0-8B86-F3A2E2C0FA07}.Release|Any CPU.Build.0 = Release|Any CPU
		{91200BB1-9859-410F-8AF9-C05AB4384D8B}.Debug|Any CPU.ActiveCfg = Debug|Any CPU
		{91200BB1-9859-410F-8AF9-C05AB4384D8B}.Debug|Any CPU.Build.0 = Debug|Any CPU
		{91200BB1-9859-410F-8AF9-C05AB4384D8B}.Release|Any CPU.ActiveCfg = Release|Any CPU
		{91200BB1-9859-410F-8AF9-C05AB4384D8B}.Release|Any CPU.Build.0 = Release|Any CPU
		{21697327-548B-48C1-B1A8-69D2168B2CB8}.Debug|Any CPU.ActiveCfg = Debug|Any CPU
		{21697327-548B-48C1-B1A8-69D2168B2CB8}.Debug|Any CPU.Build.0 = Debug|Any CPU
		{21697327-548B-48C1-B1A8-69D2168B2CB8}.Release|Any CPU.ActiveCfg = Release|Any CPU
		{21697327-548B-48C1-B1A8-69D2168B2CB8}.Release|Any CPU.Build.0 = Release|Any CPU
		{BD123A09-BF6F-45B8-8643-79A95D5529C8}.Debug|Any CPU.ActiveCfg = Debug|Any CPU
		{BD123A09-BF6F-45B8-8643-79A95D5529C8}.Debug|Any CPU.Build.0 = Debug|Any CPU
		{BD123A09-BF6F-45B8-8643-79A95D5529C8}.Release|Any CPU.ActiveCfg = Release|Any CPU
		{BD123A09-BF6F-45B8-8643-79A95D5529C8}.Release|Any CPU.Build.0 = Release|Any CPU
		{910994D6-CD2E-4FD8-A76F-745BCABA65C7}.Debug|Any CPU.ActiveCfg = Debug|Any CPU
		{910994D6-CD2E-4FD8-A76F-745BCABA65C7}.Debug|Any CPU.Build.0 = Debug|Any CPU
		{910994D6-CD2E-4FD8-A76F-745BCABA65C7}.Release|Any CPU.ActiveCfg = Release|Any CPU
		{910994D6-CD2E-4FD8-A76F-745BCABA65C7}.Release|Any CPU.Build.0 = Release|Any CPU
		{34C1B5F9-9366-45AE-A3F8-C29FB5B347E6}.Debug|Any CPU.ActiveCfg = Debug|Any CPU
		{34C1B5F9-9366-45AE-A3F8-C29FB5B347E6}.Debug|Any CPU.Build.0 = Debug|Any CPU
		{34C1B5F9-9366-45AE-A3F8-C29FB5B347E6}.Release|Any CPU.ActiveCfg = Release|Any CPU
		{34C1B5F9-9366-45AE-A3F8-C29FB5B347E6}.Release|Any CPU.Build.0 = Release|Any CPU
		{2CB52CCF-5064-45D8-99DE-F7BF2DD157A6}.Debug|Any CPU.ActiveCfg = Debug|Any CPU
		{2CB52CCF-5064-45D8-99DE-F7BF2DD157A6}.Debug|Any CPU.Build.0 = Debug|Any CPU
		{2CB52CCF-5064-45D8-99DE-F7BF2DD157A6}.Release|Any CPU.ActiveCfg = Release|Any CPU
		{2CB52CCF-5064-45D8-99DE-F7BF2DD157A6}.Release|Any CPU.Build.0 = Release|Any CPU
		{6E73EB1D-65CB-44D9-8C7A-5ED5EFDEE42B}.Debug|Any CPU.ActiveCfg = Debug|Any CPU
		{6E73EB1D-65CB-44D9-8C7A-5ED5EFDEE42B}.Debug|Any CPU.Build.0 = Debug|Any CPU
		{6E73EB1D-65CB-44D9-8C7A-5ED5EFDEE42B}.Release|Any CPU.ActiveCfg = Release|Any CPU
		{6E73EB1D-65CB-44D9-8C7A-5ED5EFDEE42B}.Release|Any CPU.Build.0 = Release|Any CPU
		{77FBEAED-DEB3-4041-B471-8D53C0A87ADC}.Debug|Any CPU.ActiveCfg = Debug|Any CPU
		{77FBEAED-DEB3-4041-B471-8D53C0A87ADC}.Debug|Any CPU.Build.0 = Debug|Any CPU
		{77FBEAED-DEB3-4041-B471-8D53C0A87ADC}.Release|Any CPU.ActiveCfg = Release|Any CPU
		{77FBEAED-DEB3-4041-B471-8D53C0A87ADC}.Release|Any CPU.Build.0 = Release|Any CPU
		{A78871F4-3F55-4B99-8A3A-4EE6CA264651}.Debug|Any CPU.ActiveCfg = Debug|Any CPU
		{A78871F4-3F55-4B99-8A3A-4EE6CA264651}.Debug|Any CPU.Build.0 = Debug|Any CPU
		{A78871F4-3F55-4B99-8A3A-4EE6CA264651}.Release|Any CPU.ActiveCfg = Release|Any CPU
		{A78871F4-3F55-4B99-8A3A-4EE6CA264651}.Release|Any CPU.Build.0 = Release|Any CPU
		{B68D12A6-2755-47F8-9300-AEA8369B6E38}.Debug|Any CPU.ActiveCfg = Debug|Any CPU
		{B68D12A6-2755-47F8-9300-AEA8369B6E38}.Debug|Any CPU.Build.0 = Debug|Any CPU
		{B68D12A6-2755-47F8-9300-AEA8369B6E38}.Release|Any CPU.ActiveCfg = Release|Any CPU
		{B68D12A6-2755-47F8-9300-AEA8369B6E38}.Release|Any CPU.Build.0 = Release|Any CPU
		{A39D861E-2C0F-4A9C-8BBB-0631B0A11178}.Debug|Any CPU.ActiveCfg = Debug|Any CPU
		{A39D861E-2C0F-4A9C-8BBB-0631B0A11178}.Debug|Any CPU.Build.0 = Debug|Any CPU
		{A39D861E-2C0F-4A9C-8BBB-0631B0A11178}.Release|Any CPU.ActiveCfg = Release|Any CPU
		{A39D861E-2C0F-4A9C-8BBB-0631B0A11178}.Release|Any CPU.Build.0 = Release|Any CPU
		{BE6CF80E-1EE6-4D21-B8FE-B156FDB6B507}.Debug|Any CPU.ActiveCfg = Debug|Any CPU
		{BE6CF80E-1EE6-4D21-B8FE-B156FDB6B507}.Debug|Any CPU.Build.0 = Debug|Any CPU
		{BE6CF80E-1EE6-4D21-B8FE-B156FDB6B507}.Release|Any CPU.ActiveCfg = Release|Any CPU
		{BE6CF80E-1EE6-4D21-B8FE-B156FDB6B507}.Release|Any CPU.Build.0 = Release|Any CPU
		{77BD5B2E-9BFF-4A73-9DA2-38A34D508CE1}.Debug|Any CPU.ActiveCfg = Debug|Any CPU
		{77BD5B2E-9BFF-4A73-9DA2-38A34D508CE1}.Debug|Any CPU.Build.0 = Debug|Any CPU
		{77BD5B2E-9BFF-4A73-9DA2-38A34D508CE1}.Release|Any CPU.ActiveCfg = Release|Any CPU
		{77BD5B2E-9BFF-4A73-9DA2-38A34D508CE1}.Release|Any CPU.Build.0 = Release|Any CPU
		{BBF310E7-FC91-4233-BB1C-7B5F1BA16F9D}.Debug|Any CPU.ActiveCfg = Debug|Any CPU
		{BBF310E7-FC91-4233-BB1C-7B5F1BA16F9D}.Debug|Any CPU.Build.0 = Debug|Any CPU
		{BBF310E7-FC91-4233-BB1C-7B5F1BA16F9D}.Release|Any CPU.ActiveCfg = Release|Any CPU
		{BBF310E7-FC91-4233-BB1C-7B5F1BA16F9D}.Release|Any CPU.Build.0 = Release|Any CPU
		{DE100D07-97F4-4E71-BE96-5E2460C909F5}.Debug|Any CPU.ActiveCfg = Debug|Any CPU
		{DE100D07-97F4-4E71-BE96-5E2460C909F5}.Debug|Any CPU.Build.0 = Debug|Any CPU
		{DE100D07-97F4-4E71-BE96-5E2460C909F5}.Release|Any CPU.ActiveCfg = Release|Any CPU
		{DE100D07-97F4-4E71-BE96-5E2460C909F5}.Release|Any CPU.Build.0 = Release|Any CPU
		{44420AB3-5491-423C-A2F5-8A5C3A541D22}.Debug|Any CPU.ActiveCfg = Debug|Any CPU
		{44420AB3-5491-423C-A2F5-8A5C3A541D22}.Debug|Any CPU.Build.0 = Debug|Any CPU
		{44420AB3-5491-423C-A2F5-8A5C3A541D22}.Release|Any CPU.ActiveCfg = Release|Any CPU
		{44420AB3-5491-423C-A2F5-8A5C3A541D22}.Release|Any CPU.Build.0 = Release|Any CPU
		{134A7459-1185-4AC7-B0E1-EDFB9DEEC861}.Debug|Any CPU.ActiveCfg = Debug|Any CPU
		{134A7459-1185-4AC7-B0E1-EDFB9DEEC861}.Debug|Any CPU.Build.0 = Debug|Any CPU
		{134A7459-1185-4AC7-B0E1-EDFB9DEEC861}.Release|Any CPU.ActiveCfg = Release|Any CPU
		{134A7459-1185-4AC7-B0E1-EDFB9DEEC861}.Release|Any CPU.Build.0 = Release|Any CPU
		{C14671E9-71D9-4F8C-910C-8C28F3DB30FE}.Debug|Any CPU.ActiveCfg = Debug|Any CPU
		{C14671E9-71D9-4F8C-910C-8C28F3DB30FE}.Debug|Any CPU.Build.0 = Debug|Any CPU
		{C14671E9-71D9-4F8C-910C-8C28F3DB30FE}.Release|Any CPU.ActiveCfg = Release|Any CPU
		{C14671E9-71D9-4F8C-910C-8C28F3DB30FE}.Release|Any CPU.Build.0 = Release|Any CPU
		{CFEA8332-14EE-49FC-BB5C-A5FF5E79D282}.Debug|Any CPU.ActiveCfg = Debug|Any CPU
		{CFEA8332-14EE-49FC-BB5C-A5FF5E79D282}.Debug|Any CPU.Build.0 = Debug|Any CPU
		{CFEA8332-14EE-49FC-BB5C-A5FF5E79D282}.Release|Any CPU.ActiveCfg = Release|Any CPU
		{CFEA8332-14EE-49FC-BB5C-A5FF5E79D282}.Release|Any CPU.Build.0 = Release|Any CPU
		{8BD28EFB-B0E3-4485-811B-CAFF98A9980A}.Debug|Any CPU.ActiveCfg = Debug|Any CPU
		{8BD28EFB-B0E3-4485-811B-CAFF98A9980A}.Debug|Any CPU.Build.0 = Debug|Any CPU
		{8BD28EFB-B0E3-4485-811B-CAFF98A9980A}.Release|Any CPU.ActiveCfg = Release|Any CPU
		{8BD28EFB-B0E3-4485-811B-CAFF98A9980A}.Release|Any CPU.Build.0 = Release|Any CPU
		{F54BE52B-47AB-4FCD-8D6E-F2BBDA7A8AC1}.Debug|Any CPU.ActiveCfg = Debug|Any CPU
		{F54BE52B-47AB-4FCD-8D6E-F2BBDA7A8AC1}.Debug|Any CPU.Build.0 = Debug|Any CPU
		{F54BE52B-47AB-4FCD-8D6E-F2BBDA7A8AC1}.Release|Any CPU.ActiveCfg = Release|Any CPU
		{F54BE52B-47AB-4FCD-8D6E-F2BBDA7A8AC1}.Release|Any CPU.Build.0 = Release|Any CPU
		{2F8866EB-6201-4942-B85A-ADAFA75DC9F8}.Debug|Any CPU.ActiveCfg = Debug|Any CPU
		{2F8866EB-6201-4942-B85A-ADAFA75DC9F8}.Debug|Any CPU.Build.0 = Debug|Any CPU
		{2F8866EB-6201-4942-B85A-ADAFA75DC9F8}.Release|Any CPU.ActiveCfg = Release|Any CPU
		{2F8866EB-6201-4942-B85A-ADAFA75DC9F8}.Release|Any CPU.Build.0 = Release|Any CPU
		{B7F73EC6-F979-450E-BDED-CA32A0A6B21F}.Debug|Any CPU.ActiveCfg = Debug|Any CPU
		{B7F73EC6-F979-450E-BDED-CA32A0A6B21F}.Debug|Any CPU.Build.0 = Debug|Any CPU
		{B7F73EC6-F979-450E-BDED-CA32A0A6B21F}.Release|Any CPU.ActiveCfg = Release|Any CPU
		{B7F73EC6-F979-450E-BDED-CA32A0A6B21F}.Release|Any CPU.Build.0 = Release|Any CPU
		{CEC8EAAE-B436-4DC9-AECD-3A063178F740}.Debug|Any CPU.ActiveCfg = Debug|Any CPU
		{CEC8EAAE-B436-4DC9-AECD-3A063178F740}.Debug|Any CPU.Build.0 = Debug|Any CPU
		{CEC8EAAE-B436-4DC9-AECD-3A063178F740}.Release|Any CPU.ActiveCfg = Release|Any CPU
		{CEC8EAAE-B436-4DC9-AECD-3A063178F740}.Release|Any CPU.Build.0 = Release|Any CPU
		{A74A172D-CA8C-4140-BA8D-BCD19E44B4CC}.Debug|Any CPU.ActiveCfg = Debug|Any CPU
		{A74A172D-CA8C-4140-BA8D-BCD19E44B4CC}.Debug|Any CPU.Build.0 = Debug|Any CPU
		{A74A172D-CA8C-4140-BA8D-BCD19E44B4CC}.Release|Any CPU.ActiveCfg = Release|Any CPU
		{A74A172D-CA8C-4140-BA8D-BCD19E44B4CC}.Release|Any CPU.Build.0 = Release|Any CPU
		{3B9B62FF-7D53-4AD4-A725-31622A5B3EA8}.Debug|Any CPU.ActiveCfg = Debug|Any CPU
		{3B9B62FF-7D53-4AD4-A725-31622A5B3EA8}.Debug|Any CPU.Build.0 = Debug|Any CPU
		{3B9B62FF-7D53-4AD4-A725-31622A5B3EA8}.Release|Any CPU.ActiveCfg = Release|Any CPU
		{3B9B62FF-7D53-4AD4-A725-31622A5B3EA8}.Release|Any CPU.Build.0 = Release|Any CPU
		{9DEE92E1-38C3-47B6-859A-5922CEC3A0D2}.Debug|Any CPU.ActiveCfg = Debug|Any CPU
		{9DEE92E1-38C3-47B6-859A-5922CEC3A0D2}.Debug|Any CPU.Build.0 = Debug|Any CPU
		{9DEE92E1-38C3-47B6-859A-5922CEC3A0D2}.Release|Any CPU.ActiveCfg = Release|Any CPU
		{9DEE92E1-38C3-47B6-859A-5922CEC3A0D2}.Release|Any CPU.Build.0 = Release|Any CPU
		{0F3D68B8-EC45-4EDC-B316-B05D87B29EFB}.Debug|Any CPU.ActiveCfg = Debug|Any CPU
		{0F3D68B8-EC45-4EDC-B316-B05D87B29EFB}.Debug|Any CPU.Build.0 = Debug|Any CPU
		{0F3D68B8-EC45-4EDC-B316-B05D87B29EFB}.Release|Any CPU.ActiveCfg = Release|Any CPU
		{0F3D68B8-EC45-4EDC-B316-B05D87B29EFB}.Release|Any CPU.Build.0 = Release|Any CPU
		{F2627B9A-6F6F-42E1-BA0C-B5D7AD3C9DE7}.Debug|Any CPU.ActiveCfg = Debug|Any CPU
		{F2627B9A-6F6F-42E1-BA0C-B5D7AD3C9DE7}.Debug|Any CPU.Build.0 = Debug|Any CPU
		{F2627B9A-6F6F-42E1-BA0C-B5D7AD3C9DE7}.Release|Any CPU.ActiveCfg = Release|Any CPU
		{F2627B9A-6F6F-42E1-BA0C-B5D7AD3C9DE7}.Release|Any CPU.Build.0 = Release|Any CPU
		{CDF86EF1-A516-4CD2-AF3A-339F7956DA14}.Debug|Any CPU.ActiveCfg = Debug|Any CPU
		{CDF86EF1-A516-4CD2-AF3A-339F7956DA14}.Debug|Any CPU.Build.0 = Debug|Any CPU
		{CDF86EF1-A516-4CD2-AF3A-339F7956DA14}.Release|Any CPU.ActiveCfg = Release|Any CPU
		{CDF86EF1-A516-4CD2-AF3A-339F7956DA14}.Release|Any CPU.Build.0 = Release|Any CPU
	EndGlobalSection
	GlobalSection(SolutionProperties) = preSolution
		HideSolutionNode = FALSE
	EndGlobalSection
	GlobalSection(ExtensibilityGlobals) = postSolution
		SolutionGuid = {60CC574E-3886-4572-8EE5-1E5AA16EC918}
	EndGlobalSection
EndGlobal
