
Microsoft Visual Studio Solution File, Format Version 12.00
# Visual Studio Version 17
VisualStudioVersion = 17.2.32630.192
MinimumVisualStudioVersion = 10.0.40219.1
Project("{9A19103F-16F7-4668-BE54-9A1E7A4F7556}") = "R5T.F0118", "R5T.F0118\R5T.F0118.csproj", "{AA60A7AC-41AB-4724-A748-44B0ED6B1585}"
EndProject
Project("{2150E333-8FDC-42A3-9474-1A3956D46DE8}") = "_Dependencies", "_Dependencies", "{2CCCB9E2-13C1-4180-918B-969DC667EA13}"
EndProject
Project("{9A19103F-16F7-4668-BE54-9A1E7A4F7556}") = "R5T.T0131", "..\..\R5T.T0131\source\R5T.T0131\R5T.T0131.csproj", "{49E4BC36-5798-4648-8B1D-FE709A0103A1}"
EndProject
Project("{9A19103F-16F7-4668-BE54-9A1E7A4F7556}") = "R5T.T0132", "..\..\R5T.T0132\source\R5T.T0132\R5T.T0132.csproj", "{5FD1B56A-5959-4054-8663-82315D4FFA73}"
EndProject
Project("{9A19103F-16F7-4668-BE54-9A1E7A4F7556}") = "R5T.T0143", "..\..\R5T.T0143\source\R5T.T0143\R5T.T0143.csproj", "{E2D957EB-10F1-4592-9E8C-B65155FBF6A1}"
EndProject
Project("{9A19103F-16F7-4668-BE54-9A1E7A4F7556}") = "R5T.T0178", "..\..\R5T.T0178\source\R5T.T0178\R5T.T0178.csproj", "{3E2C7193-153A-4B0E-ABE9-E057507143E2}"
EndProject
Project("{9A19103F-16F7-4668-BE54-9A1E7A4F7556}") = "R5T.T0179", "..\..\R5T.T0179\source\R5T.T0179\R5T.T0179.csproj", "{1034F01F-62B1-498B-B941-482ED388B0A8}"
EndProject
Project("{9A19103F-16F7-4668-BE54-9A1E7A4F7556}") = "R5T.T0180", "..\..\R5T.T0180\source\R5T.T0180\R5T.T0180.csproj", "{6CDE118F-996D-456A-93B3-36AD9A8D7C0A}"
EndProject
Project("{9A19103F-16F7-4668-BE54-9A1E7A4F7556}") = "R5T.Z0026", "..\..\R5T.Z0026\source\R5T.Z0026\R5T.Z0026.csproj", "{9EE768CA-72E6-4774-8046-EB49CE8CD866}"
EndProject
Project("{9A19103F-16F7-4668-BE54-9A1E7A4F7556}") = "R5T.T0181", "..\..\R5T.T0181\source\R5T.T0181\R5T.T0181.csproj", "{2139733D-CFCD-43F6-8F41-B639C2186C15}"
EndProject
Project("{9A19103F-16F7-4668-BE54-9A1E7A4F7556}") = "R5T.F0000", "..\..\R5T.F0000\source\R5T.F0000\R5T.F0000.csproj", "{2513712C-8E30-4C4D-83DD-7CFE89FF892B}"
EndProject
Project("{9A19103F-16F7-4668-BE54-9A1E7A4F7556}") = "R5T.F0002", "..\..\R5T.F0002\source\R5T.F0002\R5T.F0002.csproj", "{F0434DFA-C497-4CDF-A993-3A5408DDB0C2}"
EndProject
Project("{9A19103F-16F7-4668-BE54-9A1E7A4F7556}") = "R5T.T0142", "..\..\R5T.T0142\source\R5T.T0142\R5T.T0142.csproj", "{606FE0BF-BA77-4D57-8C79-3DEFC7A293CB}"
EndProject
Project("{9A19103F-16F7-4668-BE54-9A1E7A4F7556}") = "R5T.T0156", "..\..\R5T.T0156\source\R5T.T0156\R5T.T0156.csproj", "{B1274C9B-5A45-4678-A965-7DA26FD29238}"
EndProject
Project("{9A19103F-16F7-4668-BE54-9A1E7A4F7556}") = "R5T.Y0000", "..\..\R5T.Y0000\source\R5T.Y0000\R5T.Y0000.csproj", "{2AD2FAC1-51CA-4CAD-9F76-65AD56A87747}"
EndProject
Project("{9A19103F-16F7-4668-BE54-9A1E7A4F7556}") = "R5T.Z0000", "..\..\R5T.Z0000\source\R5T.Z0000\R5T.Z0000.csproj", "{D8D737B6-0E2D-486E-89D2-D103B37EEC49}"
EndProject
Project("{9A19103F-16F7-4668-BE54-9A1E7A4F7556}") = "R5T.F0017.F002", "..\..\R5T.F0017\source\R5T.F0017.F002\R5T.F0017.F002.csproj", "{08B0D804-C10B-46E0-A42A-17C8793BF4CB}"
EndProject
Project("{9A19103F-16F7-4668-BE54-9A1E7A4F7556}") = "R5T.F0018", "..\..\R5T.F0018\source\R5T.F0018\R5T.F0018.csproj", "{DB4CB855-8543-42D6-B457-A1BF2EDA659E}"
EndProject
Project("{9A19103F-16F7-4668-BE54-9A1E7A4F7556}") = "R5T.F0032", "..\..\R5T.F0032\source\R5T.F0032\R5T.F0032.csproj", "{EA8E2761-D858-4837-8869-D0B7603707E9}"
EndProject
Project("{9A19103F-16F7-4668-BE54-9A1E7A4F7556}") = "R5T.F0099.T000", "..\..\R5T.F0099\source\R5T.F0099.T000\R5T.F0099.T000.csproj", "{1B2406D2-51CB-4EEF-A483-7BF4C4768241}"
EndProject
Project("{9A19103F-16F7-4668-BE54-9A1E7A4F7556}") = "R5T.F0109", "..\..\R5T.F0109\source\R5T.F0109\R5T.F0109.csproj", "{3D7B6110-259A-4AFD-875B-8D987D350B76}"
EndProject
Project("{9A19103F-16F7-4668-BE54-9A1E7A4F7556}") = "R5T.NG0008", "..\..\R5T.NG0008\source\R5T.NG0008\R5T.NG0008.csproj", "{35FFA5CE-D5D0-4075-8CCD-7167C1F08145}"
EndProject
Project("{9A19103F-16F7-4668-BE54-9A1E7A4F7556}") = "R5T.NG0010", "..\..\R5T.NG0010\source\R5T.NG0010\R5T.NG0010.csproj", "{4034C5FE-1529-4996-A806-BEC2BA5A572E}"
EndProject
Project("{9A19103F-16F7-4668-BE54-9A1E7A4F7556}") = "R5T.T0161", "..\..\R5T.T0161\source\R5T.T0161\R5T.T0161.csproj", "{CCEB2BA1-A616-4EE0-896D-A443201B367A}"
EndProject
Project("{9A19103F-16F7-4668-BE54-9A1E7A4F7556}") = "R5T.T0162", "..\..\R5T.T0162\source\R5T.T0162\R5T.T0162.csproj", "{34A0522B-3C3A-4F51-ACD7-9C37867BC867}"
EndProject
Project("{9A19103F-16F7-4668-BE54-9A1E7A4F7556}") = "R5T.T0169", "..\..\R5T.T0169\source\R5T.T0169\R5T.T0169.csproj", "{B987E601-4F31-4C32-9F8F-23953206D38C}"
EndProject
Project("{9A19103F-16F7-4668-BE54-9A1E7A4F7556}") = "R5T.T0170", "..\..\R5T.T0170\source\R5T.T0170\R5T.T0170.csproj", "{C9C76CF6-3D48-4EF6-BE92-DCBFC2BA8C80}"
EndProject
Project("{9A19103F-16F7-4668-BE54-9A1E7A4F7556}") = "R5T.T0171", "..\..\R5T.T0171\source\R5T.T0171\R5T.T0171.csproj", "{1E54847B-CB29-44F7-A0C1-D4CB2665DFCD}"
EndProject
Project("{9A19103F-16F7-4668-BE54-9A1E7A4F7556}") = "R5T.T0172", "..\..\R5T.T0172\source\R5T.T0172\R5T.T0172.csproj", "{41FCE20B-F966-452D-887F-76AE5EC06E6C}"
EndProject
Project("{9A19103F-16F7-4668-BE54-9A1E7A4F7556}") = "R5T.T0173", "..\..\R5T.T0173\source\R5T.T0173\R5T.T0173.csproj", "{FDEE6373-82B7-4DBA-A51A-B013AD3EB14F}"
EndProject
Project("{9A19103F-16F7-4668-BE54-9A1E7A4F7556}") = "R5T.Z0037", "..\..\R5T.Z0037\source\R5T.Z0037\R5T.Z0037.csproj", "{910C8DCF-FEB3-4880-B62C-B1BB21001B16}"
EndProject
Global
	GlobalSection(NestedProjects) = preSolution
		{49E4BC36-5798-4648-8B1D-FE709A0103A1} = {2CCCB9E2-13C1-4180-918B-969DC667EA13}
		{5FD1B56A-5959-4054-8663-82315D4FFA73} = {2CCCB9E2-13C1-4180-918B-969DC667EA13}
		{E2D957EB-10F1-4592-9E8C-B65155FBF6A1} = {2CCCB9E2-13C1-4180-918B-969DC667EA13}
		{3E2C7193-153A-4B0E-ABE9-E057507143E2} = {2CCCB9E2-13C1-4180-918B-969DC667EA13}
		{1034F01F-62B1-498B-B941-482ED388B0A8} = {2CCCB9E2-13C1-4180-918B-969DC667EA13}
		{6CDE118F-996D-456A-93B3-36AD9A8D7C0A} = {2CCCB9E2-13C1-4180-918B-969DC667EA13}
		{9EE768CA-72E6-4774-8046-EB49CE8CD866} = {2CCCB9E2-13C1-4180-918B-969DC667EA13}
		{2139733D-CFCD-43F6-8F41-B639C2186C15} = {2CCCB9E2-13C1-4180-918B-969DC667EA13}
		{2513712C-8E30-4C4D-83DD-7CFE89FF892B} = {2CCCB9E2-13C1-4180-918B-969DC667EA13}
		{F0434DFA-C497-4CDF-A993-3A5408DDB0C2} = {2CCCB9E2-13C1-4180-918B-969DC667EA13}
		{606FE0BF-BA77-4D57-8C79-3DEFC7A293CB} = {2CCCB9E2-13C1-4180-918B-969DC667EA13}
		{B1274C9B-5A45-4678-A965-7DA26FD29238} = {2CCCB9E2-13C1-4180-918B-969DC667EA13}
		{2AD2FAC1-51CA-4CAD-9F76-65AD56A87747} = {2CCCB9E2-13C1-4180-918B-969DC667EA13}
		{D8D737B6-0E2D-486E-89D2-D103B37EEC49} = {2CCCB9E2-13C1-4180-918B-969DC667EA13}
		{08B0D804-C10B-46E0-A42A-17C8793BF4CB} = {2CCCB9E2-13C1-4180-918B-969DC667EA13}
		{DB4CB855-8543-42D6-B457-A1BF2EDA659E} = {2CCCB9E2-13C1-4180-918B-969DC667EA13}
		{EA8E2761-D858-4837-8869-D0B7603707E9} = {2CCCB9E2-13C1-4180-918B-969DC667EA13}
		{1B2406D2-51CB-4EEF-A483-7BF4C4768241} = {2CCCB9E2-13C1-4180-918B-969DC667EA13}
		{3D7B6110-259A-4AFD-875B-8D987D350B76} = {2CCCB9E2-13C1-4180-918B-969DC667EA13}
		{35FFA5CE-D5D0-4075-8CCD-7167C1F08145} = {2CCCB9E2-13C1-4180-918B-969DC667EA13}
		{4034C5FE-1529-4996-A806-BEC2BA5A572E} = {2CCCB9E2-13C1-4180-918B-969DC667EA13}
		{CCEB2BA1-A616-4EE0-896D-A443201B367A} = {2CCCB9E2-13C1-4180-918B-969DC667EA13}
		{34A0522B-3C3A-4F51-ACD7-9C37867BC867} = {2CCCB9E2-13C1-4180-918B-969DC667EA13}
		{B987E601-4F31-4C32-9F8F-23953206D38C} = {2CCCB9E2-13C1-4180-918B-969DC667EA13}
		{C9C76CF6-3D48-4EF6-BE92-DCBFC2BA8C80} = {2CCCB9E2-13C1-4180-918B-969DC667EA13}
		{1E54847B-CB29-44F7-A0C1-D4CB2665DFCD} = {2CCCB9E2-13C1-4180-918B-969DC667EA13}
		{41FCE20B-F966-452D-887F-76AE5EC06E6C} = {2CCCB9E2-13C1-4180-918B-969DC667EA13}
		{FDEE6373-82B7-4DBA-A51A-B013AD3EB14F} = {2CCCB9E2-13C1-4180-918B-969DC667EA13}
		{910C8DCF-FEB3-4880-B62C-B1BB21001B16} = {2CCCB9E2-13C1-4180-918B-969DC667EA13}
	EndGlobalSection
	GlobalSection(SolutionConfigurationPlatforms) = preSolution
		Debug|Any CPU = Debug|Any CPU
		Release|Any CPU = Release|Any CPU
	EndGlobalSection
	GlobalSection(ProjectConfigurationPlatforms) = postSolution
		{AA60A7AC-41AB-4724-A748-44B0ED6B1585}.Debug|Any CPU.ActiveCfg = Debug|Any CPU
		{AA60A7AC-41AB-4724-A748-44B0ED6B1585}.Debug|Any CPU.Build.0 = Debug|Any CPU
		{AA60A7AC-41AB-4724-A748-44B0ED6B1585}.Release|Any CPU.ActiveCfg = Release|Any CPU
		{AA60A7AC-41AB-4724-A748-44B0ED6B1585}.Release|Any CPU.Build.0 = Release|Any CPU
		{49E4BC36-5798-4648-8B1D-FE709A0103A1}.Debug|Any CPU.ActiveCfg = Debug|Any CPU
		{49E4BC36-5798-4648-8B1D-FE709A0103A1}.Debug|Any CPU.Build.0 = Debug|Any CPU
		{49E4BC36-5798-4648-8B1D-FE709A0103A1}.Release|Any CPU.ActiveCfg = Release|Any CPU
		{49E4BC36-5798-4648-8B1D-FE709A0103A1}.Release|Any CPU.Build.0 = Release|Any CPU
		{5FD1B56A-5959-4054-8663-82315D4FFA73}.Debug|Any CPU.ActiveCfg = Debug|Any CPU
		{5FD1B56A-5959-4054-8663-82315D4FFA73}.Debug|Any CPU.Build.0 = Debug|Any CPU
		{5FD1B56A-5959-4054-8663-82315D4FFA73}.Release|Any CPU.ActiveCfg = Release|Any CPU
		{5FD1B56A-5959-4054-8663-82315D4FFA73}.Release|Any CPU.Build.0 = Release|Any CPU
		{E2D957EB-10F1-4592-9E8C-B65155FBF6A1}.Debug|Any CPU.ActiveCfg = Debug|Any CPU
		{E2D957EB-10F1-4592-9E8C-B65155FBF6A1}.Debug|Any CPU.Build.0 = Debug|Any CPU
		{E2D957EB-10F1-4592-9E8C-B65155FBF6A1}.Release|Any CPU.ActiveCfg = Release|Any CPU
		{E2D957EB-10F1-4592-9E8C-B65155FBF6A1}.Release|Any CPU.Build.0 = Release|Any CPU
		{3E2C7193-153A-4B0E-ABE9-E057507143E2}.Debug|Any CPU.ActiveCfg = Debug|Any CPU
		{3E2C7193-153A-4B0E-ABE9-E057507143E2}.Debug|Any CPU.Build.0 = Debug|Any CPU
		{3E2C7193-153A-4B0E-ABE9-E057507143E2}.Release|Any CPU.ActiveCfg = Release|Any CPU
		{3E2C7193-153A-4B0E-ABE9-E057507143E2}.Release|Any CPU.Build.0 = Release|Any CPU
		{1034F01F-62B1-498B-B941-482ED388B0A8}.Debug|Any CPU.ActiveCfg = Debug|Any CPU
		{1034F01F-62B1-498B-B941-482ED388B0A8}.Debug|Any CPU.Build.0 = Debug|Any CPU
		{1034F01F-62B1-498B-B941-482ED388B0A8}.Release|Any CPU.ActiveCfg = Release|Any CPU
		{1034F01F-62B1-498B-B941-482ED388B0A8}.Release|Any CPU.Build.0 = Release|Any CPU
		{6CDE118F-996D-456A-93B3-36AD9A8D7C0A}.Debug|Any CPU.ActiveCfg = Debug|Any CPU
		{6CDE118F-996D-456A-93B3-36AD9A8D7C0A}.Debug|Any CPU.Build.0 = Debug|Any CPU
		{6CDE118F-996D-456A-93B3-36AD9A8D7C0A}.Release|Any CPU.ActiveCfg = Release|Any CPU
		{6CDE118F-996D-456A-93B3-36AD9A8D7C0A}.Release|Any CPU.Build.0 = Release|Any CPU
		{9EE768CA-72E6-4774-8046-EB49CE8CD866}.Debug|Any CPU.ActiveCfg = Debug|Any CPU
		{9EE768CA-72E6-4774-8046-EB49CE8CD866}.Debug|Any CPU.Build.0 = Debug|Any CPU
		{9EE768CA-72E6-4774-8046-EB49CE8CD866}.Release|Any CPU.ActiveCfg = Release|Any CPU
		{9EE768CA-72E6-4774-8046-EB49CE8CD866}.Release|Any CPU.Build.0 = Release|Any CPU
		{2139733D-CFCD-43F6-8F41-B639C2186C15}.Debug|Any CPU.ActiveCfg = Debug|Any CPU
		{2139733D-CFCD-43F6-8F41-B639C2186C15}.Debug|Any CPU.Build.0 = Debug|Any CPU
		{2139733D-CFCD-43F6-8F41-B639C2186C15}.Release|Any CPU.ActiveCfg = Release|Any CPU
		{2139733D-CFCD-43F6-8F41-B639C2186C15}.Release|Any CPU.Build.0 = Release|Any CPU
		{2513712C-8E30-4C4D-83DD-7CFE89FF892B}.Debug|Any CPU.ActiveCfg = Debug|Any CPU
		{2513712C-8E30-4C4D-83DD-7CFE89FF892B}.Debug|Any CPU.Build.0 = Debug|Any CPU
		{2513712C-8E30-4C4D-83DD-7CFE89FF892B}.Release|Any CPU.ActiveCfg = Release|Any CPU
		{2513712C-8E30-4C4D-83DD-7CFE89FF892B}.Release|Any CPU.Build.0 = Release|Any CPU
		{F0434DFA-C497-4CDF-A993-3A5408DDB0C2}.Debug|Any CPU.ActiveCfg = Debug|Any CPU
		{F0434DFA-C497-4CDF-A993-3A5408DDB0C2}.Debug|Any CPU.Build.0 = Debug|Any CPU
		{F0434DFA-C497-4CDF-A993-3A5408DDB0C2}.Release|Any CPU.ActiveCfg = Release|Any CPU
		{F0434DFA-C497-4CDF-A993-3A5408DDB0C2}.Release|Any CPU.Build.0 = Release|Any CPU
		{606FE0BF-BA77-4D57-8C79-3DEFC7A293CB}.Debug|Any CPU.ActiveCfg = Debug|Any CPU
		{606FE0BF-BA77-4D57-8C79-3DEFC7A293CB}.Debug|Any CPU.Build.0 = Debug|Any CPU
		{606FE0BF-BA77-4D57-8C79-3DEFC7A293CB}.Release|Any CPU.ActiveCfg = Release|Any CPU
		{606FE0BF-BA77-4D57-8C79-3DEFC7A293CB}.Release|Any CPU.Build.0 = Release|Any CPU
		{B1274C9B-5A45-4678-A965-7DA26FD29238}.Debug|Any CPU.ActiveCfg = Debug|Any CPU
		{B1274C9B-5A45-4678-A965-7DA26FD29238}.Debug|Any CPU.Build.0 = Debug|Any CPU
		{B1274C9B-5A45-4678-A965-7DA26FD29238}.Release|Any CPU.ActiveCfg = Release|Any CPU
		{B1274C9B-5A45-4678-A965-7DA26FD29238}.Release|Any CPU.Build.0 = Release|Any CPU
		{2AD2FAC1-51CA-4CAD-9F76-65AD56A87747}.Debug|Any CPU.ActiveCfg = Debug|Any CPU
		{2AD2FAC1-51CA-4CAD-9F76-65AD56A87747}.Debug|Any CPU.Build.0 = Debug|Any CPU
		{2AD2FAC1-51CA-4CAD-9F76-65AD56A87747}.Release|Any CPU.ActiveCfg = Release|Any CPU
		{2AD2FAC1-51CA-4CAD-9F76-65AD56A87747}.Release|Any CPU.Build.0 = Release|Any CPU
		{D8D737B6-0E2D-486E-89D2-D103B37EEC49}.Debug|Any CPU.ActiveCfg = Debug|Any CPU
		{D8D737B6-0E2D-486E-89D2-D103B37EEC49}.Debug|Any CPU.Build.0 = Debug|Any CPU
		{D8D737B6-0E2D-486E-89D2-D103B37EEC49}.Release|Any CPU.ActiveCfg = Release|Any CPU
		{D8D737B6-0E2D-486E-89D2-D103B37EEC49}.Release|Any CPU.Build.0 = Release|Any CPU
		{08B0D804-C10B-46E0-A42A-17C8793BF4CB}.Debug|Any CPU.ActiveCfg = Debug|Any CPU
		{08B0D804-C10B-46E0-A42A-17C8793BF4CB}.Debug|Any CPU.Build.0 = Debug|Any CPU
		{08B0D804-C10B-46E0-A42A-17C8793BF4CB}.Release|Any CPU.ActiveCfg = Release|Any CPU
		{08B0D804-C10B-46E0-A42A-17C8793BF4CB}.Release|Any CPU.Build.0 = Release|Any CPU
		{DB4CB855-8543-42D6-B457-A1BF2EDA659E}.Debug|Any CPU.ActiveCfg = Debug|Any CPU
		{DB4CB855-8543-42D6-B457-A1BF2EDA659E}.Debug|Any CPU.Build.0 = Debug|Any CPU
		{DB4CB855-8543-42D6-B457-A1BF2EDA659E}.Release|Any CPU.ActiveCfg = Release|Any CPU
		{DB4CB855-8543-42D6-B457-A1BF2EDA659E}.Release|Any CPU.Build.0 = Release|Any CPU
		{EA8E2761-D858-4837-8869-D0B7603707E9}.Debug|Any CPU.ActiveCfg = Debug|Any CPU
		{EA8E2761-D858-4837-8869-D0B7603707E9}.Debug|Any CPU.Build.0 = Debug|Any CPU
		{EA8E2761-D858-4837-8869-D0B7603707E9}.Release|Any CPU.ActiveCfg = Release|Any CPU
		{EA8E2761-D858-4837-8869-D0B7603707E9}.Release|Any CPU.Build.0 = Release|Any CPU
		{1B2406D2-51CB-4EEF-A483-7BF4C4768241}.Debug|Any CPU.ActiveCfg = Debug|Any CPU
		{1B2406D2-51CB-4EEF-A483-7BF4C4768241}.Debug|Any CPU.Build.0 = Debug|Any CPU
		{1B2406D2-51CB-4EEF-A483-7BF4C4768241}.Release|Any CPU.ActiveCfg = Release|Any CPU
		{1B2406D2-51CB-4EEF-A483-7BF4C4768241}.Release|Any CPU.Build.0 = Release|Any CPU
		{3D7B6110-259A-4AFD-875B-8D987D350B76}.Debug|Any CPU.ActiveCfg = Debug|Any CPU
		{3D7B6110-259A-4AFD-875B-8D987D350B76}.Debug|Any CPU.Build.0 = Debug|Any CPU
		{3D7B6110-259A-4AFD-875B-8D987D350B76}.Release|Any CPU.ActiveCfg = Release|Any CPU
		{3D7B6110-259A-4AFD-875B-8D987D350B76}.Release|Any CPU.Build.0 = Release|Any CPU
		{35FFA5CE-D5D0-4075-8CCD-7167C1F08145}.Debug|Any CPU.ActiveCfg = Debug|Any CPU
		{35FFA5CE-D5D0-4075-8CCD-7167C1F08145}.Debug|Any CPU.Build.0 = Debug|Any CPU
		{35FFA5CE-D5D0-4075-8CCD-7167C1F08145}.Release|Any CPU.ActiveCfg = Release|Any CPU
		{35FFA5CE-D5D0-4075-8CCD-7167C1F08145}.Release|Any CPU.Build.0 = Release|Any CPU
		{4034C5FE-1529-4996-A806-BEC2BA5A572E}.Debug|Any CPU.ActiveCfg = Debug|Any CPU
		{4034C5FE-1529-4996-A806-BEC2BA5A572E}.Debug|Any CPU.Build.0 = Debug|Any CPU
		{4034C5FE-1529-4996-A806-BEC2BA5A572E}.Release|Any CPU.ActiveCfg = Release|Any CPU
		{4034C5FE-1529-4996-A806-BEC2BA5A572E}.Release|Any CPU.Build.0 = Release|Any CPU
		{CCEB2BA1-A616-4EE0-896D-A443201B367A}.Debug|Any CPU.ActiveCfg = Debug|Any CPU
		{CCEB2BA1-A616-4EE0-896D-A443201B367A}.Debug|Any CPU.Build.0 = Debug|Any CPU
		{CCEB2BA1-A616-4EE0-896D-A443201B367A}.Release|Any CPU.ActiveCfg = Release|Any CPU
		{CCEB2BA1-A616-4EE0-896D-A443201B367A}.Release|Any CPU.Build.0 = Release|Any CPU
		{34A0522B-3C3A-4F51-ACD7-9C37867BC867}.Debug|Any CPU.ActiveCfg = Debug|Any CPU
		{34A0522B-3C3A-4F51-ACD7-9C37867BC867}.Debug|Any CPU.Build.0 = Debug|Any CPU
		{34A0522B-3C3A-4F51-ACD7-9C37867BC867}.Release|Any CPU.ActiveCfg = Release|Any CPU
		{34A0522B-3C3A-4F51-ACD7-9C37867BC867}.Release|Any CPU.Build.0 = Release|Any CPU
		{B987E601-4F31-4C32-9F8F-23953206D38C}.Debug|Any CPU.ActiveCfg = Debug|Any CPU
		{B987E601-4F31-4C32-9F8F-23953206D38C}.Debug|Any CPU.Build.0 = Debug|Any CPU
		{B987E601-4F31-4C32-9F8F-23953206D38C}.Release|Any CPU.ActiveCfg = Release|Any CPU
		{B987E601-4F31-4C32-9F8F-23953206D38C}.Release|Any CPU.Build.0 = Release|Any CPU
		{C9C76CF6-3D48-4EF6-BE92-DCBFC2BA8C80}.Debug|Any CPU.ActiveCfg = Debug|Any CPU
		{C9C76CF6-3D48-4EF6-BE92-DCBFC2BA8C80}.Debug|Any CPU.Build.0 = Debug|Any CPU
		{C9C76CF6-3D48-4EF6-BE92-DCBFC2BA8C80}.Release|Any CPU.ActiveCfg = Release|Any CPU
		{C9C76CF6-3D48-4EF6-BE92-DCBFC2BA8C80}.Release|Any CPU.Build.0 = Release|Any CPU
		{1E54847B-CB29-44F7-A0C1-D4CB2665DFCD}.Debug|Any CPU.ActiveCfg = Debug|Any CPU
		{1E54847B-CB29-44F7-A0C1-D4CB2665DFCD}.Debug|Any CPU.Build.0 = Debug|Any CPU
		{1E54847B-CB29-44F7-A0C1-D4CB2665DFCD}.Release|Any CPU.ActiveCfg = Release|Any CPU
		{1E54847B-CB29-44F7-A0C1-D4CB2665DFCD}.Release|Any CPU.Build.0 = Release|Any CPU
		{41FCE20B-F966-452D-887F-76AE5EC06E6C}.Debug|Any CPU.ActiveCfg = Debug|Any CPU
		{41FCE20B-F966-452D-887F-76AE5EC06E6C}.Debug|Any CPU.Build.0 = Debug|Any CPU
		{41FCE20B-F966-452D-887F-76AE5EC06E6C}.Release|Any CPU.ActiveCfg = Release|Any CPU
		{41FCE20B-F966-452D-887F-76AE5EC06E6C}.Release|Any CPU.Build.0 = Release|Any CPU
		{FDEE6373-82B7-4DBA-A51A-B013AD3EB14F}.Debug|Any CPU.ActiveCfg = Debug|Any CPU
		{FDEE6373-82B7-4DBA-A51A-B013AD3EB14F}.Debug|Any CPU.Build.0 = Debug|Any CPU
		{FDEE6373-82B7-4DBA-A51A-B013AD3EB14F}.Release|Any CPU.ActiveCfg = Release|Any CPU
		{FDEE6373-82B7-4DBA-A51A-B013AD3EB14F}.Release|Any CPU.Build.0 = Release|Any CPU
		{910C8DCF-FEB3-4880-B62C-B1BB21001B16}.Debug|Any CPU.ActiveCfg = Debug|Any CPU
		{910C8DCF-FEB3-4880-B62C-B1BB21001B16}.Debug|Any CPU.Build.0 = Debug|Any CPU
		{910C8DCF-FEB3-4880-B62C-B1BB21001B16}.Release|Any CPU.ActiveCfg = Release|Any CPU
		{910C8DCF-FEB3-4880-B62C-B1BB21001B16}.Release|Any CPU.Build.0 = Release|Any CPU
	EndGlobalSection
	GlobalSection(SolutionProperties) = preSolution
		HideSolutionNode = FALSE
	EndGlobalSection
	GlobalSection(ExtensibilityGlobals) = postSolution
		SolutionGuid = {D309C11B-D971-40A8-8965-71BA875BD9AE}
	EndGlobalSection
EndGlobal
