
Microsoft Visual Studio Solution File, Format Version 12.00
# Visual Studio Version 17
VisualStudioVersion = 17.2.32630.192
MinimumVisualStudioVersion = 10.0.40219.1
Project("{9A19103F-16F7-4668-BE54-9A1E7A4F7556}") = "R5T.F0118.Construction", "R5T.F0118.Construction\R5T.F0118.Construction.csproj", "{C7F2FF7B-6946-45FF-A2E0-169148173094}"
EndProject
Project("{9A19103F-16F7-4668-BE54-9A1E7A4F7556}") = "R5T.F0118", "R5T.F0118\R5T.F0118.csproj", "{6D2CA390-4AE1-42C0-9239-C8AF3AADAF1F}"
EndProject
Project("{2150E333-8FDC-42A3-9474-1A3956D46DE8}") = "_Dependencies", "_Dependencies", "{7CC0D1DA-7007-42F9-89A2-67BD3FB9E4E5}"
EndProject
Project("{9A19103F-16F7-4668-BE54-9A1E7A4F7556}") = "R5T.T0131", "..\..\R5T.T0131\source\R5T.T0131\R5T.T0131.csproj", "{514E1742-7590-46C0-8B86-F3A2E2C0FA07}"
EndProject
Project("{9A19103F-16F7-4668-BE54-9A1E7A4F7556}") = "R5T.T0132", "..\..\R5T.T0132\source\R5T.T0132\R5T.T0132.csproj", "{91200BB1-9859-410F-8AF9-C05AB4384D8B}"
EndProject
Project("{9A19103F-16F7-4668-BE54-9A1E7A4F7556}") = "R5T.T0143", "..\..\R5T.T0143\source\R5T.T0143\R5T.T0143.csproj", "{21697327-548B-48C1-B1A8-69D2168B2CB8}"
EndProject
Project("{9A19103F-16F7-4668-BE54-9A1E7A4F7556}") = "R5T.T0178", "..\..\R5T.T0178\source\R5T.T0178\R5T.T0178.csproj", "{BD123A09-BF6F-45B8-8643-79A95D5529C8}"
EndProject
Project("{9A19103F-16F7-4668-BE54-9A1E7A4F7556}") = "R5T.T0179", "..\..\R5T.T0179\source\R5T.T0179\R5T.T0179.csproj", "{910994D6-CD2E-4FD8-A76F-745BCABA65C7}"
EndProject
Project("{9A19103F-16F7-4668-BE54-9A1E7A4F7556}") = "R5T.T0180", "..\..\R5T.T0180\source\R5T.T0180\R5T.T0180.csproj", "{34C1B5F9-9366-45AE-A3F8-C29FB5B347E6}"
EndProject
Project("{9A19103F-16F7-4668-BE54-9A1E7A4F7556}") = "R5T.Z0026", "..\..\R5T.Z0026\source\R5T.Z0026\R5T.Z0026.csproj", "{2CB52CCF-5064-45D8-99DE-F7BF2DD157A6}"
EndProject
Project("{9A19103F-16F7-4668-BE54-9A1E7A4F7556}") = "R5T.T0181", "..\..\R5T.T0181\source\R5T.T0181\R5T.T0181.csproj", "{6E73EB1D-65CB-44D9-8C7A-5ED5EFDEE42B}"
EndProject
Project("{9A19103F-16F7-4668-BE54-9A1E7A4F7556}") = "R5T.F0000", "..\..\R5T.F0000\source\R5T.F0000\R5T.F0000.csproj", "{77FBEAED-DEB3-4041-B471-8D53C0A87ADC}"
EndProject
Project("{9A19103F-16F7-4668-BE54-9A1E7A4F7556}") = "R5T.F0002", "..\..\R5T.F0002\source\R5T.F0002\R5T.F0002.csproj", "{A78871F4-3F55-4B99-8A3A-4EE6CA264651}"
EndProject
Project("{9A19103F-16F7-4668-BE54-9A1E7A4F7556}") = "R5T.T0142", "..\..\R5T.T0142\source\R5T.T0142\R5T.T0142.csproj", "{B68D12A6-2755-47F8-9300-AEA8369B6E38}"
EndProject
Project("{9A19103F-16F7-4668-BE54-9A1E7A4F7556}") = "R5T.T0156", "..\..\R5T.T0156\source\R5T.T0156\R5T.T0156.csproj", "{A39D861E-2C0F-4A9C-8BBB-0631B0A11178}"
EndProject
Project("{9A19103F-16F7-4668-BE54-9A1E7A4F7556}") = "R5T.Y0000", "..\..\R5T.Y0000\source\R5T.Y0000\R5T.Y0000.csproj", "{BE6CF80E-1EE6-4D21-B8FE-B156FDB6B507}"
EndProject
Project("{9A19103F-16F7-4668-BE54-9A1E7A4F7556}") = "R5T.Z0000", "..\..\R5T.Z0000\source\R5T.Z0000\R5T.Z0000.csproj", "{77BD5B2E-9BFF-4A73-9DA2-38A34D508CE1}"
EndProject
Global
	GlobalSection(NestedProjects) = preSolution
		{514E1742-7590-46C0-8B86-F3A2E2C0FA07} = {7CC0D1DA-7007-42F9-89A2-67BD3FB9E4E5}
		{91200BB1-9859-410F-8AF9-C05AB4384D8B} = {7CC0D1DA-7007-42F9-89A2-67BD3FB9E4E5}
		{21697327-548B-48C1-B1A8-69D2168B2CB8} = {7CC0D1DA-7007-42F9-89A2-67BD3FB9E4E5}
		{BD123A09-BF6F-45B8-8643-79A95D5529C8} = {7CC0D1DA-7007-42F9-89A2-67BD3FB9E4E5}
		{910994D6-CD2E-4FD8-A76F-745BCABA65C7} = {7CC0D1DA-7007-42F9-89A2-67BD3FB9E4E5}
		{34C1B5F9-9366-45AE-A3F8-C29FB5B347E6} = {7CC0D1DA-7007-42F9-89A2-67BD3FB9E4E5}
		{2CB52CCF-5064-45D8-99DE-F7BF2DD157A6} = {7CC0D1DA-7007-42F9-89A2-67BD3FB9E4E5}
		{6E73EB1D-65CB-44D9-8C7A-5ED5EFDEE42B} = {7CC0D1DA-7007-42F9-89A2-67BD3FB9E4E5}
		{77FBEAED-DEB3-4041-B471-8D53C0A87ADC} = {7CC0D1DA-7007-42F9-89A2-67BD3FB9E4E5}
		{A78871F4-3F55-4B99-8A3A-4EE6CA264651} = {7CC0D1DA-7007-42F9-89A2-67BD3FB9E4E5}
		{B68D12A6-2755-47F8-9300-AEA8369B6E38} = {7CC0D1DA-7007-42F9-89A2-67BD3FB9E4E5}
		{A39D861E-2C0F-4A9C-8BBB-0631B0A11178} = {7CC0D1DA-7007-42F9-89A2-67BD3FB9E4E5}
		{BE6CF80E-1EE6-4D21-B8FE-B156FDB6B507} = {7CC0D1DA-7007-42F9-89A2-67BD3FB9E4E5}
		{77BD5B2E-9BFF-4A73-9DA2-38A34D508CE1} = {7CC0D1DA-7007-42F9-89A2-67BD3FB9E4E5}
	EndGlobalSection
	GlobalSection(SolutionConfigurationPlatforms) = preSolution
		Debug|Any CPU = Debug|Any CPU
		Release|Any CPU = Release|Any CPU
	EndGlobalSection
	GlobalSection(ProjectConfigurationPlatforms) = postSolution
		{C7F2FF7B-6946-45FF-A2E0-169148173094}.Debug|Any CPU.ActiveCfg = Debug|Any CPU
		{C7F2FF7B-6946-45FF-A2E0-169148173094}.Debug|Any CPU.Build.0 = Debug|Any CPU
		{C7F2FF7B-6946-45FF-A2E0-169148173094}.Release|Any CPU.ActiveCfg = Release|Any CPU
		{C7F2FF7B-6946-45FF-A2E0-169148173094}.Release|Any CPU.Build.0 = Release|Any CPU
		{6D2CA390-4AE1-42C0-9239-C8AF3AADAF1F}.Debug|Any CPU.ActiveCfg = Debug|Any CPU
		{6D2CA390-4AE1-42C0-9239-C8AF3AADAF1F}.Debug|Any CPU.Build.0 = Debug|Any CPU
		{6D2CA390-4AE1-42C0-9239-C8AF3AADAF1F}.Release|Any CPU.ActiveCfg = Release|Any CPU
		{6D2CA390-4AE1-42C0-9239-C8AF3AADAF1F}.Release|Any CPU.Build.0 = Release|Any CPU
		{514E1742-7590-46C0-8B86-F3A2E2C0FA07}.Debug|Any CPU.ActiveCfg = Debug|Any CPU
		{514E1742-7590-46C0-8B86-F3A2E2C0FA07}.Debug|Any CPU.Build.0 = Debug|Any CPU
		{514E1742-7590-46C0-8B86-F3A2E2C0FA07}.Release|Any CPU.ActiveCfg = Release|Any CPU
		{514E1742-7590-46C0-8B86-F3A2E2C0FA07}.Release|Any CPU.Build.0 = Release|Any CPU
		{91200BB1-9859-410F-8AF9-C05AB4384D8B}.Debug|Any CPU.ActiveCfg = Debug|Any CPU
		{91200BB1-9859-410F-8AF9-C05AB4384D8B}.Debug|Any CPU.Build.0 = Debug|Any CPU
		{91200BB1-9859-410F-8AF9-C05AB4384D8B}.Release|Any CPU.ActiveCfg = Release|Any CPU
		{91200BB1-9859-410F-8AF9-C05AB4384D8B}.Release|Any CPU.Build.0 = Release|Any CPU
		{21697327-548B-48C1-B1A8-69D2168B2CB8}.Debug|Any CPU.ActiveCfg = Debug|Any CPU
		{21697327-548B-48C1-B1A8-69D2168B2CB8}.Debug|Any CPU.Build.0 = Debug|Any CPU
		{21697327-548B-48C1-B1A8-69D2168B2CB8}.Release|Any CPU.ActiveCfg = Release|Any CPU
		{21697327-548B-48C1-B1A8-69D2168B2CB8}.Release|Any CPU.Build.0 = Release|Any CPU
		{BD123A09-BF6F-45B8-8643-79A95D5529C8}.Debug|Any CPU.ActiveCfg = Debug|Any CPU
		{BD123A09-BF6F-45B8-8643-79A95D5529C8}.Debug|Any CPU.Build.0 = Debug|Any CPU
		{BD123A09-BF6F-45B8-8643-79A95D5529C8}.Release|Any CPU.ActiveCfg = Release|Any CPU
		{BD123A09-BF6F-45B8-8643-79A95D5529C8}.Release|Any CPU.Build.0 = Release|Any CPU
		{910994D6-CD2E-4FD8-A76F-745BCABA65C7}.Debug|Any CPU.ActiveCfg = Debug|Any CPU
		{910994D6-CD2E-4FD8-A76F-745BCABA65C7}.Debug|Any CPU.Build.0 = Debug|Any CPU
		{910994D6-CD2E-4FD8-A76F-745BCABA65C7}.Release|Any CPU.ActiveCfg = Release|Any CPU
		{910994D6-CD2E-4FD8-A76F-745BCABA65C7}.Release|Any CPU.Build.0 = Release|Any CPU
		{34C1B5F9-9366-45AE-A3F8-C29FB5B347E6}.Debug|Any CPU.ActiveCfg = Debug|Any CPU
		{34C1B5F9-9366-45AE-A3F8-C29FB5B347E6}.Debug|Any CPU.Build.0 = Debug|Any CPU
		{34C1B5F9-9366-45AE-A3F8-C29FB5B347E6}.Release|Any CPU.ActiveCfg = Release|Any CPU
		{34C1B5F9-9366-45AE-A3F8-C29FB5B347E6}.Release|Any CPU.Build.0 = Release|Any CPU
		{2CB52CCF-5064-45D8-99DE-F7BF2DD157A6}.Debug|Any CPU.ActiveCfg = Debug|Any CPU
		{2CB52CCF-5064-45D8-99DE-F7BF2DD157A6}.Debug|Any CPU.Build.0 = Debug|Any CPU
		{2CB52CCF-5064-45D8-99DE-F7BF2DD157A6}.Release|Any CPU.ActiveCfg = Release|Any CPU
		{2CB52CCF-5064-45D8-99DE-F7BF2DD157A6}.Release|Any CPU.Build.0 = Release|Any CPU
		{6E73EB1D-65CB-44D9-8C7A-5ED5EFDEE42B}.Debug|Any CPU.ActiveCfg = Debug|Any CPU
		{6E73EB1D-65CB-44D9-8C7A-5ED5EFDEE42B}.Debug|Any CPU.Build.0 = Debug|Any CPU
		{6E73EB1D-65CB-44D9-8C7A-5ED5EFDEE42B}.Release|Any CPU.ActiveCfg = Release|Any CPU
		{6E73EB1D-65CB-44D9-8C7A-5ED5EFDEE42B}.Release|Any CPU.Build.0 = Release|Any CPU
		{77FBEAED-DEB3-4041-B471-8D53C0A87ADC}.Debug|Any CPU.ActiveCfg = Debug|Any CPU
		{77FBEAED-DEB3-4041-B471-8D53C0A87ADC}.Debug|Any CPU.Build.0 = Debug|Any CPU
		{77FBEAED-DEB3-4041-B471-8D53C0A87ADC}.Release|Any CPU.ActiveCfg = Release|Any CPU
		{77FBEAED-DEB3-4041-B471-8D53C0A87ADC}.Release|Any CPU.Build.0 = Release|Any CPU
		{A78871F4-3F55-4B99-8A3A-4EE6CA264651}.Debug|Any CPU.ActiveCfg = Debug|Any CPU
		{A78871F4-3F55-4B99-8A3A-4EE6CA264651}.Debug|Any CPU.Build.0 = Debug|Any CPU
		{A78871F4-3F55-4B99-8A3A-4EE6CA264651}.Release|Any CPU.ActiveCfg = Release|Any CPU
		{A78871F4-3F55-4B99-8A3A-4EE6CA264651}.Release|Any CPU.Build.0 = Release|Any CPU
		{B68D12A6-2755-47F8-9300-AEA8369B6E38}.Debug|Any CPU.ActiveCfg = Debug|Any CPU
		{B68D12A6-2755-47F8-9300-AEA8369B6E38}.Debug|Any CPU.Build.0 = Debug|Any CPU
		{B68D12A6-2755-47F8-9300-AEA8369B6E38}.Release|Any CPU.ActiveCfg = Release|Any CPU
		{B68D12A6-2755-47F8-9300-AEA8369B6E38}.Release|Any CPU.Build.0 = Release|Any CPU
		{A39D861E-2C0F-4A9C-8BBB-0631B0A11178}.Debug|Any CPU.ActiveCfg = Debug|Any CPU
		{A39D861E-2C0F-4A9C-8BBB-0631B0A11178}.Debug|Any CPU.Build.0 = Debug|Any CPU
		{A39D861E-2C0F-4A9C-8BBB-0631B0A11178}.Release|Any CPU.ActiveCfg = Release|Any CPU
		{A39D861E-2C0F-4A9C-8BBB-0631B0A11178}.Release|Any CPU.Build.0 = Release|Any CPU
		{BE6CF80E-1EE6-4D21-B8FE-B156FDB6B507}.Debug|Any CPU.ActiveCfg = Debug|Any CPU
		{BE6CF80E-1EE6-4D21-B8FE-B156FDB6B507}.Debug|Any CPU.Build.0 = Debug|Any CPU
		{BE6CF80E-1EE6-4D21-B8FE-B156FDB6B507}.Release|Any CPU.ActiveCfg = Release|Any CPU
		{BE6CF80E-1EE6-4D21-B8FE-B156FDB6B507}.Release|Any CPU.Build.0 = Release|Any CPU
		{77BD5B2E-9BFF-4A73-9DA2-38A34D508CE1}.Debug|Any CPU.ActiveCfg = Debug|Any CPU
		{77BD5B2E-9BFF-4A73-9DA2-38A34D508CE1}.Debug|Any CPU.Build.0 = Debug|Any CPU
		{77BD5B2E-9BFF-4A73-9DA2-38A34D508CE1}.Release|Any CPU.ActiveCfg = Release|Any CPU
		{77BD5B2E-9BFF-4A73-9DA2-38A34D508CE1}.Release|Any CPU.Build.0 = Release|Any CPU
	EndGlobalSection
	GlobalSection(SolutionProperties) = preSolution
		HideSolutionNode = FALSE
	EndGlobalSection
	GlobalSection(ExtensibilityGlobals) = postSolution
		SolutionGuid = {60CC574E-3886-4572-8EE5-1E5AA16EC918}
	EndGlobalSection
EndGlobal
