
Microsoft Visual Studio Solution File, Format Version 12.00
# Visual Studio Version 17
VisualStudioVersion = 17.2.32630.192
MinimumVisualStudioVersion = 10.0.40219.1
Project("{9A19103F-16F7-4668-BE54-9A1E7A4F7556}") = "R5T.F0118.Construction", "R5T.F0118.Construction\R5T.F0118.Construction.csproj", "{C7F2FF7B-6946-45FF-A2E0-169148173094}"
EndProject
Project("{9A19103F-16F7-4668-BE54-9A1E7A4F7556}") = "R5T.F0118", "R5T.F0118\R5T.F0118.csproj", "{6D2CA390-4AE1-42C0-9239-C8AF3AADAF1F}"
EndProject
Project("{2150E333-8FDC-42A3-9474-1A3956D46DE8}") = "_Dependencies", "_Dependencies", "{7CC0D1DA-7007-42F9-89A2-67BD3FB9E4E5}"
EndProject
Project("{9A19103F-16F7-4668-BE54-9A1E7A4F7556}") = "R5T.T0131", "..\..\R5T.T0131\source\R5T.T0131\R5T.T0131.csproj", "{514E1742-7590-46C0-8B86-F3A2E2C0FA07}"
EndProject
Project("{9A19103F-16F7-4668-BE54-9A1E7A4F7556}") = "R5T.T0132", "..\..\R5T.T0132\source\R5T.T0132\R5T.T0132.csproj", "{91200BB1-9859-410F-8AF9-C05AB4384D8B}"
EndProject
Project("{9A19103F-16F7-4668-BE54-9A1E7A4F7556}") = "R5T.T0143", "..\..\R5T.T0143\source\R5T.T0143\R5T.T0143.csproj", "{21697327-548B-48C1-B1A8-69D2168B2CB8}"
EndProject
Project("{9A19103F-16F7-4668-BE54-9A1E7A4F7556}") = "R5T.T0178", "..\..\R5T.T0178\source\R5T.T0178\R5T.T0178.csproj", "{BD123A09-BF6F-45B8-8643-79A95D5529C8}"
EndProject
Project("{9A19103F-16F7-4668-BE54-9A1E7A4F7556}") = "R5T.T0179", "..\..\R5T.T0179\source\R5T.T0179\R5T.T0179.csproj", "{910994D6-CD2E-4FD8-A76F-745BCABA65C7}"
EndProject
Project("{9A19103F-16F7-4668-BE54-9A1E7A4F7556}") = "R5T.T0180", "..\..\R5T.T0180\source\R5T.T0180\R5T.T0180.csproj", "{34C1B5F9-9366-45AE-A3F8-C29FB5B347E6}"
EndProject
Project("{9A19103F-16F7-4668-BE54-9A1E7A4F7556}") = "R5T.Z0026", "..\..\R5T.Z0026\source\R5T.Z0026\R5T.Z0026.csproj", "{2CB52CCF-5064-45D8-99DE-F7BF2DD157A6}"
EndProject
Project("{9A19103F-16F7-4668-BE54-9A1E7A4F7556}") = "R5T.T0181", "..\..\R5T.T0181\source\R5T.T0181\R5T.T0181.csproj", "{6E73EB1D-65CB-44D9-8C7A-5ED5EFDEE42B}"
EndProject
Project("{9A19103F-16F7-4668-BE54-9A1E7A4F7556}") = "R5T.F0000", "..\..\R5T.F0000\source\R5T.F0000\R5T.F0000.csproj", "{77FBEAED-DEB3-4041-B471-8D53C0A87ADC}"
EndProject
Project("{9A19103F-16F7-4668-BE54-9A1E7A4F7556}") = "R5T.F0002", "..\..\R5T.F0002\source\R5T.F0002\R5T.F0002.csproj", "{A78871F4-3F55-4B99-8A3A-4EE6CA264651}"
EndProject
Project("{9A19103F-16F7-4668-BE54-9A1E7A4F7556}") = "R5T.T0142", "..\..\R5T.T0142\source\R5T.T0142\R5T.T0142.csproj", "{B68D12A6-2755-47F8-9300-AEA8369B6E38}"
EndProject
Project("{9A19103F-16F7-4668-BE54-9A1E7A4F7556}") = "R5T.T0156", "..\..\R5T.T0156\source\R5T.T0156\R5T.T0156.csproj", "{A39D861E-2C0F-4A9C-8BBB-0631B0A11178}"
EndProject
Project("{9A19103F-16F7-4668-BE54-9A1E7A4F7556}") = "R5T.Y0000", "..\..\R5T.Y0000\source\R5T.Y0000\R5T.Y0000.csproj", "{BE6CF80E-1EE6-4D21-B8FE-B156FDB6B507}"
EndProject
Project("{9A19103F-16F7-4668-BE54-9A1E7A4F7556}") = "R5T.Z0000", "..\..\R5T.Z0000\source\R5T.Z0000\R5T.Z0000.csproj", "{77BD5B2E-9BFF-4A73-9DA2-38A34D508CE1}"
EndProject
Project("{9A19103F-16F7-4668-BE54-9A1E7A4F7556}") = "R5T.F0017.F002", "..\..\R5T.F0017\source\R5T.F0017.F002\R5T.F0017.F002.csproj", "{BBF310E7-FC91-4233-BB1C-7B5F1BA16F9D}"
EndProject
Project("{9A19103F-16F7-4668-BE54-9A1E7A4F7556}") = "R5T.F0018", "..\..\R5T.F0018\source\R5T.F0018\R5T.F0018.csproj", "{DE100D07-97F4-4E71-BE96-5E2460C909F5}"
EndProject
Project("{9A19103F-16F7-4668-BE54-9A1E7A4F7556}") = "R5T.F0032", "..\..\R5T.F0032\source\R5T.F0032\R5T.F0032.csproj", "{44420AB3-5491-423C-A2F5-8A5C3A541D22}"
EndProject
Project("{9A19103F-16F7-4668-BE54-9A1E7A4F7556}") = "R5T.F0099.T000", "..\..\R5T.F0099\source\R5T.F0099.T000\R5T.F0099.T000.csproj", "{134A7459-1185-4AC7-B0E1-EDFB9DEEC861}"
EndProject
Project("{9A19103F-16F7-4668-BE54-9A1E7A4F7556}") = "R5T.F0109", "..\..\R5T.F0109\source\R5T.F0109\R5T.F0109.csproj", "{C14671E9-71D9-4F8C-910C-8C28F3DB30FE}"
EndProject
Project("{9A19103F-16F7-4668-BE54-9A1E7A4F7556}") = "R5T.NG0008", "..\..\R5T.NG0008\source\R5T.NG0008\R5T.NG0008.csproj", "{CFEA8332-14EE-49FC-BB5C-A5FF5E79D282}"
EndProject
Project("{9A19103F-16F7-4668-BE54-9A1E7A4F7556}") = "R5T.NG0010", "..\..\R5T.NG0010\source\R5T.NG0010\R5T.NG0010.csproj", "{8BD28EFB-B0E3-4485-811B-CAFF98A9980A}"
EndProject
Project("{9A19103F-16F7-4668-BE54-9A1E7A4F7556}") = "R5T.T0150", "..\..\R5T.T0150\source\R5T.T0150\R5T.T0150.csproj", "{F54BE52B-47AB-4FCD-8D6E-F2BBDA7A8AC1}"
EndProject
Project("{9A19103F-16F7-4668-BE54-9A1E7A4F7556}") = "R5T.T0151", "..\..\R5T.T0151\source\R5T.T0151\R5T.T0151.csproj", "{2F8866EB-6201-4942-B85A-ADAFA75DC9F8}"
EndProject
Project("{9A19103F-16F7-4668-BE54-9A1E7A4F7556}") = "R5T.T0161", "..\..\R5T.T0161\source\R5T.T0161\R5T.T0161.csproj", "{B7F73EC6-F979-450E-BDED-CA32A0A6B21F}"
EndProject
Project("{9A19103F-16F7-4668-BE54-9A1E7A4F7556}") = "R5T.T0162", "..\..\R5T.T0162\source\R5T.T0162\R5T.T0162.csproj", "{CEC8EAAE-B436-4DC9-AECD-3A063178F740}"
EndProject
Project("{9A19103F-16F7-4668-BE54-9A1E7A4F7556}") = "R5T.T0169", "..\..\R5T.T0169\source\R5T.T0169\R5T.T0169.csproj", "{A74A172D-CA8C-4140-BA8D-BCD19E44B4CC}"
EndProject
Project("{9A19103F-16F7-4668-BE54-9A1E7A4F7556}") = "R5T.T0170", "..\..\R5T.T0170\source\R5T.T0170\R5T.T0170.csproj", "{3B9B62FF-7D53-4AD4-A725-31622A5B3EA8}"
EndProject
Project("{9A19103F-16F7-4668-BE54-9A1E7A4F7556}") = "R5T.T0171", "..\..\R5T.T0171\source\R5T.T0171\R5T.T0171.csproj", "{9DEE92E1-38C3-47B6-859A-5922CEC3A0D2}"
EndProject
Project("{9A19103F-16F7-4668-BE54-9A1E7A4F7556}") = "R5T.T0172", "..\..\R5T.T0172\source\R5T.T0172\R5T.T0172.csproj", "{0F3D68B8-EC45-4EDC-B316-B05D87B29EFB}"
EndProject
Project("{9A19103F-16F7-4668-BE54-9A1E7A4F7556}") = "R5T.T0173", "..\..\R5T.T0173\source\R5T.T0173\R5T.T0173.csproj", "{F2627B9A-6F6F-42E1-BA0C-B5D7AD3C9DE7}"
EndProject
Project("{9A19103F-16F7-4668-BE54-9A1E7A4F7556}") = "R5T.Z0037", "..\..\R5T.Z0037\source\R5T.Z0037\R5T.Z0037.csproj", "{CDF86EF1-A516-4CD2-AF3A-339F7956DA14}"
EndProject
Project("{9A19103F-16F7-4668-BE54-9A1E7A4F7556}") = "R5T.F0059", "..\..\R5T.F0059\source\R5T.F0059\R5T.F0059.csproj", "{5440A617-CFF7-4242-9E05-527C5E8DEC54}"
EndProject
Project("{9A19103F-16F7-4668-BE54-9A1E7A4F7556}") = "R5T.F0120", "..\..\R5T.F0120\source\R5T.F0120\R5T.F0120.csproj", "{C7A8CA3B-85A7-4305-BA8F-8393AB6C05B8}"
EndProject
Project("{9A19103F-16F7-4668-BE54-9A1E7A4F7556}") = "R5T.F0124", "..\..\R5T.F0124\source\R5T.F0124\R5T.F0124.csproj", "{A51389B7-CE24-443C-9E9B-A703C1D8362F}"
EndProject
Project("{9A19103F-16F7-4668-BE54-9A1E7A4F7556}") = "R5T.L0030.T000", "..\..\R5T.L0030\source\R5T.L0030.T000\R5T.L0030.T000.csproj", "{307755A2-4D73-409D-88C3-6E926C7D1B7C}"
EndProject
Project("{9A19103F-16F7-4668-BE54-9A1E7A4F7556}") = "R5T.L0053", "..\..\R5T.L0053\source\R5T.L0053\R5T.L0053.csproj", "{AB07C872-AAC7-4220-A918-99747267B3C4}"
EndProject
Project("{9A19103F-16F7-4668-BE54-9A1E7A4F7556}") = "R5T.L0056", "..\..\R5T.L0056\source\R5T.L0056\R5T.L0056.csproj", "{CF4DEA59-A0FB-44CE-88C9-B429444DB4B7}"
EndProject
Project("{9A19103F-16F7-4668-BE54-9A1E7A4F7556}") = "R5T.L0062.F000", "..\..\R5T.L0062\source\R5T.L0062.F000\R5T.L0062.F000.csproj", "{6433F91E-0419-42C3-8D64-E609994BC1B8}"
EndProject
Project("{9A19103F-16F7-4668-BE54-9A1E7A4F7556}") = "R5T.L0062.F001", "..\..\R5T.L0062\source\R5T.L0062.F001\R5T.L0062.F001.csproj", "{DEEE0F1A-9B19-456B-A60B-6F2DC114F7F4}"
EndProject
Project("{9A19103F-16F7-4668-BE54-9A1E7A4F7556}") = "R5T.L0062.L001", "..\..\R5T.L0062\source\R5T.L0062.L001\R5T.L0062.L001.csproj", "{F7FC0BEC-D09F-4DE4-BCAD-8D4AC3E18959}"
EndProject
Project("{9A19103F-16F7-4668-BE54-9A1E7A4F7556}") = "R5T.L0062.T000", "..\..\R5T.L0062\source\R5T.L0062.T000\R5T.L0062.T000.csproj", "{65F76F32-DD72-40A7-A12A-B24D38600FF2}"
EndProject
Project("{9A19103F-16F7-4668-BE54-9A1E7A4F7556}") = "R5T.L0062.Z000", "..\..\R5T.L0062\source\R5T.L0062.Z000\R5T.L0062.Z000.csproj", "{66C698A1-996F-4F04-8BB7-BAAF84479D77}"
EndProject
Project("{9A19103F-16F7-4668-BE54-9A1E7A4F7556}") = "R5T.L0063.F000", "..\..\R5T.L0063\source\R5T.L0063.F000\R5T.L0063.F000.csproj", "{B93E369F-87DA-43A8-8D7E-8A5AFAC3B3A0}"
EndProject
Project("{9A19103F-16F7-4668-BE54-9A1E7A4F7556}") = "R5T.L0063.T000", "..\..\R5T.L0063\source\R5T.L0063.T000\R5T.L0063.T000.csproj", "{BD55B027-2AF4-4410-8F3F-69C196365781}"
EndProject
Project("{9A19103F-16F7-4668-BE54-9A1E7A4F7556}") = "R5T.L0063.Z000", "..\..\R5T.L0063\source\R5T.L0063.Z000\R5T.L0063.Z000.csproj", "{66A0E50E-DF99-450B-9178-EE6AC559CF15}"
EndProject
Project("{9A19103F-16F7-4668-BE54-9A1E7A4F7556}") = "R5T.L0065.F000", "..\..\R5T.L0065\source\R5T.L0065.F000\R5T.L0065.F000.csproj", "{8652F8D3-1FC2-4A81-BD0E-4FDA3DB0D7E3}"
EndProject
Project("{9A19103F-16F7-4668-BE54-9A1E7A4F7556}") = "R5T.L0065.F001", "..\..\R5T.L0065\source\R5T.L0065.F001\R5T.L0065.F001.csproj", "{D57FB697-01D0-4F4E-9781-86C594505A31}"
EndProject
Project("{9A19103F-16F7-4668-BE54-9A1E7A4F7556}") = "R5T.L0065.F002", "..\..\R5T.L0065\source\R5T.L0065.F002\R5T.L0065.F002.csproj", "{D9D515E2-B12F-4A66-A60E-C8D40AD83AB7}"
EndProject
Project("{9A19103F-16F7-4668-BE54-9A1E7A4F7556}") = "R5T.L0065.F003", "..\..\R5T.L0065\source\R5T.L0065.F003\R5T.L0065.F003.csproj", "{EE13DED1-B642-4E1A-8EB3-DB3A9B6E9C29}"
EndProject
Project("{9A19103F-16F7-4668-BE54-9A1E7A4F7556}") = "R5T.L0065.F004", "..\..\R5T.L0065\source\R5T.L0065.F004\R5T.L0065.F004.csproj", "{456E9504-DC0D-4828-957B-D4BB5D54B58F}"
EndProject
Project("{9A19103F-16F7-4668-BE54-9A1E7A4F7556}") = "R5T.L0065.T000", "..\..\R5T.L0065\source\R5T.L0065.T000\R5T.L0065.T000.csproj", "{9A2D9090-5915-4263-91B0-2F5CB35A5918}"
EndProject
Project("{9A19103F-16F7-4668-BE54-9A1E7A4F7556}") = "R5T.L0065", "..\..\R5T.L0065\source\R5T.L0065\R5T.L0065.csproj", "{6C23D897-EE4A-486F-A74F-7624B65D0E86}"
EndProject
Project("{9A19103F-16F7-4668-BE54-9A1E7A4F7556}") = "R5T.L0066", "..\..\R5T.L0066\source\R5T.L0066\R5T.L0066.csproj", "{09F88CA4-80C7-465C-B087-75DDF2D2546B}"
EndProject
Project("{9A19103F-16F7-4668-BE54-9A1E7A4F7556}") = "R5T.L0071", "..\..\R5T.L0071\source\R5T.L0071\R5T.L0071.csproj", "{ECE0B64F-E1F2-4669-AF54-5A4E95992FE2}"
EndProject
Project("{9A19103F-16F7-4668-BE54-9A1E7A4F7556}") = "R5T.L0074", "..\..\R5T.L0074\source\R5T.L0074\R5T.L0074.csproj", "{CFA09810-7986-4115-9A0B-5481F1E6815B}"
EndProject
Project("{9A19103F-16F7-4668-BE54-9A1E7A4F7556}") = "R5T.L0089.F000", "..\..\R5T.L0089\source\R5T.L0089.F000\R5T.L0089.F000.csproj", "{FE9AFF94-3F60-4A28-9DE7-A75BDF6C34BD}"
EndProject
Project("{9A19103F-16F7-4668-BE54-9A1E7A4F7556}") = "R5T.L0089.T000", "..\..\R5T.L0089\source\R5T.L0089.T000\R5T.L0089.T000.csproj", "{5A1A05AB-AA20-4E7F-9ED4-1A92DB02A241}"
EndProject
Project("{9A19103F-16F7-4668-BE54-9A1E7A4F7556}") = "R5T.L0089", "..\..\R5T.L0089\source\R5T.L0089\R5T.L0089.csproj", "{7571A2B8-FA32-47CD-9CBF-0FDEF4C93DE9}"
EndProject
Project("{9A19103F-16F7-4668-BE54-9A1E7A4F7556}") = "R5T.NG0006", "..\..\R5T.NG0006\source\R5T.NG0006\R5T.NG0006.csproj", "{419B6256-E33D-4759-9C7B-9AD24EE574E7}"
EndProject
Project("{9A19103F-16F7-4668-BE54-9A1E7A4F7556}") = "R5T.NG0022", "..\..\R5T.NG0022\source\R5T.NG0022\R5T.NG0022.csproj", "{C7AD4003-5FFF-4C2B-B5F6-D77431374314}"
EndProject
Project("{9A19103F-16F7-4668-BE54-9A1E7A4F7556}") = "R5T.T0158", "..\..\R5T.T0158\source\R5T.T0158\R5T.T0158.csproj", "{0CB5AE2A-ABB4-49E7-AA6F-36D52A4AFC3F}"
EndProject
Project("{9A19103F-16F7-4668-BE54-9A1E7A4F7556}") = "R5T.T0159", "..\..\R5T.T0159\source\R5T.T0159\R5T.T0159.csproj", "{C2DF11CB-7474-4723-98E0-8BE1E9FEDA10}"
EndProject
Project("{9A19103F-16F7-4668-BE54-9A1E7A4F7556}") = "R5T.T0174", "..\..\R5T.T0174\source\R5T.T0174\R5T.T0174.csproj", "{3C541A04-5127-419E-BEDA-C92DA92ECA0F}"
EndProject
Project("{9A19103F-16F7-4668-BE54-9A1E7A4F7556}") = "R5T.T0176", "..\..\R5T.T0176\source\R5T.T0176\R5T.T0176.csproj", "{6E9FF998-153B-4AC4-9BD4-6EDF53CBCAB9}"
EndProject
Project("{9A19103F-16F7-4668-BE54-9A1E7A4F7556}") = "R5T.T0177", "..\..\R5T.T0177\source\R5T.T0177\R5T.T0177.csproj", "{48A5EE2D-8082-4FB7-986F-71C0F4A816F9}"
EndProject
Project("{9A19103F-16F7-4668-BE54-9A1E7A4F7556}") = "R5T.T0185", "..\..\R5T.T0185\source\R5T.T0185\R5T.T0185.csproj", "{5AF71A17-6D07-4E07-97D3-EAF868FD63FD}"
EndProject
Project("{9A19103F-16F7-4668-BE54-9A1E7A4F7556}") = "R5T.T0199.T000", "..\..\R5T.T0199\source\R5T.T0199.T000\R5T.T0199.T000.csproj", "{DA0E972B-5785-47C2-A10B-4C6014BA8256}"
EndProject
Project("{9A19103F-16F7-4668-BE54-9A1E7A4F7556}") = "R5T.T0199.T001", "..\..\R5T.T0199\source\R5T.T0199.T001\R5T.T0199.T001.csproj", "{4E01E3AD-5930-472B-8FBF-26E7B82DE797}"
EndProject
Project("{9A19103F-16F7-4668-BE54-9A1E7A4F7556}") = "R5T.T0199", "..\..\R5T.T0199\source\R5T.T0199\R5T.T0199.csproj", "{10C6511F-63CE-48A9-9E89-68CFAAF5B396}"
EndProject
Project("{9A19103F-16F7-4668-BE54-9A1E7A4F7556}") = "R5T.T0203", "..\..\R5T.T0203\source\R5T.T0203\R5T.T0203.csproj", "{62C3E773-0FFA-4C9F-81EA-0D458F60C697}"
EndProject
Project("{9A19103F-16F7-4668-BE54-9A1E7A4F7556}") = "R5T.T0213", "..\..\R5T.T0213\source\R5T.T0213\R5T.T0213.csproj", "{8152BA4F-A74B-409F-B4A8-AEC7288FD0CC}"
EndProject
Project("{9A19103F-16F7-4668-BE54-9A1E7A4F7556}") = "R5T.T0218", "..\..\R5T.T0218\source\R5T.T0218\R5T.T0218.csproj", "{FA8308C3-B9AD-430E-9B80-909C15DA90E7}"
EndProject
Project("{9A19103F-16F7-4668-BE54-9A1E7A4F7556}") = "R5T.T0219", "..\..\R5T.T0219\source\R5T.T0219\R5T.T0219.csproj", "{E7854E6C-A73B-436F-AE31-F8683A6C59C5}"
EndProject
Project("{9A19103F-16F7-4668-BE54-9A1E7A4F7556}") = "R5T.T0220", "..\..\R5T.T0220\source\R5T.T0220\R5T.T0220.csproj", "{23001EBC-862D-449D-B48E-FF95BCE55D03}"
EndProject
Project("{9A19103F-16F7-4668-BE54-9A1E7A4F7556}") = "R5T.T0221", "..\..\R5T.T0221\source\R5T.T0221\R5T.T0221.csproj", "{05FE8E52-2F5E-480E-9661-ABE652B85AB7}"
EndProject
Project("{9A19103F-16F7-4668-BE54-9A1E7A4F7556}") = "R5T.T0227", "..\..\R5T.T0227\source\R5T.T0227\R5T.T0227.csproj", "{BB08FAAF-C18C-44FC-8B3B-72040296232D}"
EndProject
Project("{9A19103F-16F7-4668-BE54-9A1E7A4F7556}") = "R5T.Y0006", "..\..\R5T.Y0006\source\R5T.Y0006\R5T.Y0006.csproj", "{F64068A8-389F-45AB-87F8-A2D88DD601AE}"
EndProject
Project("{9A19103F-16F7-4668-BE54-9A1E7A4F7556}") = "R5T.Z0010.Platform", "..\..\R5T.Z0010\source\R5T.Z0010.Platform\R5T.Z0010.Platform.csproj", "{A2BDC518-32B1-4B7A-94C1-CE186DEBA1CF}"
EndProject
Project("{9A19103F-16F7-4668-BE54-9A1E7A4F7556}") = "R5T.Z0010", "..\..\R5T.Z0010\source\R5T.Z0010\R5T.Z0010.csproj", "{79F0AE04-74CC-4C5B-86EA-1CE22F0FC1F4}"
EndProject
Project("{9A19103F-16F7-4668-BE54-9A1E7A4F7556}") = "R5T.Z0057.Platform", "..\..\R5T.Z0057\source\R5T.Z0057.Platform\R5T.Z0057.Platform.csproj", "{E40E1BD2-6F54-4B96-A4A6-798B57F6E0F5}"
EndProject
Project("{9A19103F-16F7-4668-BE54-9A1E7A4F7556}") = "R5T.Z0057", "..\..\R5T.Z0057\source\R5T.Z0057\R5T.Z0057.csproj", "{C1A7C36C-F30A-4CBB-8F7E-1B00FAC24A3C}"
EndProject
Project("{9A19103F-16F7-4668-BE54-9A1E7A4F7556}") = "R5T.Z0058", "..\..\R5T.Z0058\source\R5T.Z0058\R5T.Z0058.csproj", "{5E26284E-9B87-4BFA-B9A4-3BAB49BFCDFD}"
EndProject
Global
	GlobalSection(NestedProjects) = preSolution
		{514E1742-7590-46C0-8B86-F3A2E2C0FA07} = {7CC0D1DA-7007-42F9-89A2-67BD3FB9E4E5}
		{91200BB1-9859-410F-8AF9-C05AB4384D8B} = {7CC0D1DA-7007-42F9-89A2-67BD3FB9E4E5}
		{21697327-548B-48C1-B1A8-69D2168B2CB8} = {7CC0D1DA-7007-42F9-89A2-67BD3FB9E4E5}
		{BD123A09-BF6F-45B8-8643-79A95D5529C8} = {7CC0D1DA-7007-42F9-89A2-67BD3FB9E4E5}
		{910994D6-CD2E-4FD8-A76F-745BCABA65C7} = {7CC0D1DA-7007-42F9-89A2-67BD3FB9E4E5}
		{34C1B5F9-9366-45AE-A3F8-C29FB5B347E6} = {7CC0D1DA-7007-42F9-89A2-67BD3FB9E4E5}
		{2CB52CCF-5064-45D8-99DE-F7BF2DD157A6} = {7CC0D1DA-7007-42F9-89A2-67BD3FB9E4E5}
		{6E73EB1D-65CB-44D9-8C7A-5ED5EFDEE42B} = {7CC0D1DA-7007-42F9-89A2-67BD3FB9E4E5}
		{77FBEAED-DEB3-4041-B471-8D53C0A87ADC} = {7CC0D1DA-7007-42F9-89A2-67BD3FB9E4E5}
		{A78871F4-3F55-4B99-8A3A-4EE6CA264651} = {7CC0D1DA-7007-42F9-89A2-67BD3FB9E4E5}
		{B68D12A6-2755-47F8-9300-AEA8369B6E38} = {7CC0D1DA-7007-42F9-89A2-67BD3FB9E4E5}
		{A39D861E-2C0F-4A9C-8BBB-0631B0A11178} = {7CC0D1DA-7007-42F9-89A2-67BD3FB9E4E5}
		{BE6CF80E-1EE6-4D21-B8FE-B156FDB6B507} = {7CC0D1DA-7007-42F9-89A2-67BD3FB9E4E5}
		{77BD5B2E-9BFF-4A73-9DA2-38A34D508CE1} = {7CC0D1DA-7007-42F9-89A2-67BD3FB9E4E5}
		{BBF310E7-FC91-4233-BB1C-7B5F1BA16F9D} = {7CC0D1DA-7007-42F9-89A2-67BD3FB9E4E5}
		{DE100D07-97F4-4E71-BE96-5E2460C909F5} = {7CC0D1DA-7007-42F9-89A2-67BD3FB9E4E5}
		{44420AB3-5491-423C-A2F5-8A5C3A541D22} = {7CC0D1DA-7007-42F9-89A2-67BD3FB9E4E5}
		{134A7459-1185-4AC7-B0E1-EDFB9DEEC861} = {7CC0D1DA-7007-42F9-89A2-67BD3FB9E4E5}
		{C14671E9-71D9-4F8C-910C-8C28F3DB30FE} = {7CC0D1DA-7007-42F9-89A2-67BD3FB9E4E5}
		{CFEA8332-14EE-49FC-BB5C-A5FF5E79D282} = {7CC0D1DA-7007-42F9-89A2-67BD3FB9E4E5}
		{8BD28EFB-B0E3-4485-811B-CAFF98A9980A} = {7CC0D1DA-7007-42F9-89A2-67BD3FB9E4E5}
		{F54BE52B-47AB-4FCD-8D6E-F2BBDA7A8AC1} = {7CC0D1DA-7007-42F9-89A2-67BD3FB9E4E5}
		{2F8866EB-6201-4942-B85A-ADAFA75DC9F8} = {7CC0D1DA-7007-42F9-89A2-67BD3FB9E4E5}
		{B7F73EC6-F979-450E-BDED-CA32A0A6B21F} = {7CC0D1DA-7007-42F9-89A2-67BD3FB9E4E5}
		{CEC8EAAE-B436-4DC9-AECD-3A063178F740} = {7CC0D1DA-7007-42F9-89A2-67BD3FB9E4E5}
		{A74A172D-CA8C-4140-BA8D-BCD19E44B4CC} = {7CC0D1DA-7007-42F9-89A2-67BD3FB9E4E5}
		{3B9B62FF-7D53-4AD4-A725-31622A5B3EA8} = {7CC0D1DA-7007-42F9-89A2-67BD3FB9E4E5}
		{9DEE92E1-38C3-47B6-859A-5922CEC3A0D2} = {7CC0D1DA-7007-42F9-89A2-67BD3FB9E4E5}
		{0F3D68B8-EC45-4EDC-B316-B05D87B29EFB} = {7CC0D1DA-7007-42F9-89A2-67BD3FB9E4E5}
		{F2627B9A-6F6F-42E1-BA0C-B5D7AD3C9DE7} = {7CC0D1DA-7007-42F9-89A2-67BD3FB9E4E5}
		{CDF86EF1-A516-4CD2-AF3A-339F7956DA14} = {7CC0D1DA-7007-42F9-89A2-67BD3FB9E4E5}
		{5440A617-CFF7-4242-9E05-527C5E8DEC54} = {7CC0D1DA-7007-42F9-89A2-67BD3FB9E4E5}
		{C7A8CA3B-85A7-4305-BA8F-8393AB6C05B8} = {7CC0D1DA-7007-42F9-89A2-67BD3FB9E4E5}
		{A51389B7-CE24-443C-9E9B-A703C1D8362F} = {7CC0D1DA-7007-42F9-89A2-67BD3FB9E4E5}
		{307755A2-4D73-409D-88C3-6E926C7D1B7C} = {7CC0D1DA-7007-42F9-89A2-67BD3FB9E4E5}
		{AB07C872-AAC7-4220-A918-99747267B3C4} = {7CC0D1DA-7007-42F9-89A2-67BD3FB9E4E5}
		{CF4DEA59-A0FB-44CE-88C9-B429444DB4B7} = {7CC0D1DA-7007-42F9-89A2-67BD3FB9E4E5}
		{6433F91E-0419-42C3-8D64-E609994BC1B8} = {7CC0D1DA-7007-42F9-89A2-67BD3FB9E4E5}
		{DEEE0F1A-9B19-456B-A60B-6F2DC114F7F4} = {7CC0D1DA-7007-42F9-89A2-67BD3FB9E4E5}
		{F7FC0BEC-D09F-4DE4-BCAD-8D4AC3E18959} = {7CC0D1DA-7007-42F9-89A2-67BD3FB9E4E5}
		{65F76F32-DD72-40A7-A12A-B24D38600FF2} = {7CC0D1DA-7007-42F9-89A2-67BD3FB9E4E5}
		{66C698A1-996F-4F04-8BB7-BAAF84479D77} = {7CC0D1DA-7007-42F9-89A2-67BD3FB9E4E5}
		{B93E369F-87DA-43A8-8D7E-8A5AFAC3B3A0} = {7CC0D1DA-7007-42F9-89A2-67BD3FB9E4E5}
		{BD55B027-2AF4-4410-8F3F-69C196365781} = {7CC0D1DA-7007-42F9-89A2-67BD3FB9E4E5}
		{66A0E50E-DF99-450B-9178-EE6AC559CF15} = {7CC0D1DA-7007-42F9-89A2-67BD3FB9E4E5}
		{8652F8D3-1FC2-4A81-BD0E-4FDA3DB0D7E3} = {7CC0D1DA-7007-42F9-89A2-67BD3FB9E4E5}
		{D57FB697-01D0-4F4E-9781-86C594505A31} = {7CC0D1DA-7007-42F9-89A2-67BD3FB9E4E5}
		{D9D515E2-B12F-4A66-A60E-C8D40AD83AB7} = {7CC0D1DA-7007-42F9-89A2-67BD3FB9E4E5}
		{EE13DED1-B642-4E1A-8EB3-DB3A9B6E9C29} = {7CC0D1DA-7007-42F9-89A2-67BD3FB9E4E5}
		{456E9504-DC0D-4828-957B-D4BB5D54B58F} = {7CC0D1DA-7007-42F9-89A2-67BD3FB9E4E5}
		{9A2D9090-5915-4263-91B0-2F5CB35A5918} = {7CC0D1DA-7007-42F9-89A2-67BD3FB9E4E5}
		{6C23D897-EE4A-486F-A74F-7624B65D0E86} = {7CC0D1DA-7007-42F9-89A2-67BD3FB9E4E5}
		{09F88CA4-80C7-465C-B087-75DDF2D2546B} = {7CC0D1DA-7007-42F9-89A2-67BD3FB9E4E5}
		{ECE0B64F-E1F2-4669-AF54-5A4E95992FE2} = {7CC0D1DA-7007-42F9-89A2-67BD3FB9E4E5}
		{CFA09810-7986-4115-9A0B-5481F1E6815B} = {7CC0D1DA-7007-42F9-89A2-67BD3FB9E4E5}
		{FE9AFF94-3F60-4A28-9DE7-A75BDF6C34BD} = {7CC0D1DA-7007-42F9-89A2-67BD3FB9E4E5}
		{5A1A05AB-AA20-4E7F-9ED4-1A92DB02A241} = {7CC0D1DA-7007-42F9-89A2-67BD3FB9E4E5}
		{7571A2B8-FA32-47CD-9CBF-0FDEF4C93DE9} = {7CC0D1DA-7007-42F9-89A2-67BD3FB9E4E5}
		{419B6256-E33D-4759-9C7B-9AD24EE574E7} = {7CC0D1DA-7007-42F9-89A2-67BD3FB9E4E5}
		{C7AD4003-5FFF-4C2B-B5F6-D77431374314} = {7CC0D1DA-7007-42F9-89A2-67BD3FB9E4E5}
		{0CB5AE2A-ABB4-49E7-AA6F-36D52A4AFC3F} = {7CC0D1DA-7007-42F9-89A2-67BD3FB9E4E5}
		{C2DF11CB-7474-4723-98E0-8BE1E9FEDA10} = {7CC0D1DA-7007-42F9-89A2-67BD3FB9E4E5}
		{3C541A04-5127-419E-BEDA-C92DA92ECA0F} = {7CC0D1DA-7007-42F9-89A2-67BD3FB9E4E5}
		{6E9FF998-153B-4AC4-9BD4-6EDF53CBCAB9} = {7CC0D1DA-7007-42F9-89A2-67BD3FB9E4E5}
		{48A5EE2D-8082-4FB7-986F-71C0F4A816F9} = {7CC0D1DA-7007-42F9-89A2-67BD3FB9E4E5}
		{5AF71A17-6D07-4E07-97D3-EAF868FD63FD} = {7CC0D1DA-7007-42F9-89A2-67BD3FB9E4E5}
		{DA0E972B-5785-47C2-A10B-4C6014BA8256} = {7CC0D1DA-7007-42F9-89A2-67BD3FB9E4E5}
		{4E01E3AD-5930-472B-8FBF-26E7B82DE797} = {7CC0D1DA-7007-42F9-89A2-67BD3FB9E4E5}
		{10C6511F-63CE-48A9-9E89-68CFAAF5B396} = {7CC0D1DA-7007-42F9-89A2-67BD3FB9E4E5}
		{62C3E773-0FFA-4C9F-81EA-0D458F60C697} = {7CC0D1DA-7007-42F9-89A2-67BD3FB9E4E5}
		{8152BA4F-A74B-409F-B4A8-AEC7288FD0CC} = {7CC0D1DA-7007-42F9-89A2-67BD3FB9E4E5}
		{FA8308C3-B9AD-430E-9B80-909C15DA90E7} = {7CC0D1DA-7007-42F9-89A2-67BD3FB9E4E5}
		{E7854E6C-A73B-436F-AE31-F8683A6C59C5} = {7CC0D1DA-7007-42F9-89A2-67BD3FB9E4E5}
		{23001EBC-862D-449D-B48E-FF95BCE55D03} = {7CC0D1DA-7007-42F9-89A2-67BD3FB9E4E5}
		{05FE8E52-2F5E-480E-9661-ABE652B85AB7} = {7CC0D1DA-7007-42F9-89A2-67BD3FB9E4E5}
		{BB08FAAF-C18C-44FC-8B3B-72040296232D} = {7CC0D1DA-7007-42F9-89A2-67BD3FB9E4E5}
		{F64068A8-389F-45AB-87F8-A2D88DD601AE} = {7CC0D1DA-7007-42F9-89A2-67BD3FB9E4E5}
		{A2BDC518-32B1-4B7A-94C1-CE186DEBA1CF} = {7CC0D1DA-7007-42F9-89A2-67BD3FB9E4E5}
		{79F0AE04-74CC-4C5B-86EA-1CE22F0FC1F4} = {7CC0D1DA-7007-42F9-89A2-67BD3FB9E4E5}
		{E40E1BD2-6F54-4B96-A4A6-798B57F6E0F5} = {7CC0D1DA-7007-42F9-89A2-67BD3FB9E4E5}
		{C1A7C36C-F30A-4CBB-8F7E-1B00FAC24A3C} = {7CC0D1DA-7007-42F9-89A2-67BD3FB9E4E5}
		{5E26284E-9B87-4BFA-B9A4-3BAB49BFCDFD} = {7CC0D1DA-7007-42F9-89A2-67BD3FB9E4E5}
	EndGlobalSection
	GlobalSection(SolutionConfigurationPlatforms) = preSolution
		Debug|Any CPU = Debug|Any CPU
		Release|Any CPU = Release|Any CPU
	EndGlobalSection
	GlobalSection(ProjectConfigurationPlatforms) = postSolution
		{C7F2FF7B-6946-45FF-A2E0-169148173094}.Debug|Any CPU.ActiveCfg = Debug|Any CPU
		{C7F2FF7B-6946-45FF-A2E0-169148173094}.Debug|Any CPU.Build.0 = Debug|Any CPU
		{C7F2FF7B-6946-45FF-A2E0-169148173094}.Release|Any CPU.ActiveCfg = Release|Any CPU
		{C7F2FF7B-6946-45FF-A2E0-169148173094}.Release|Any CPU.Build.0 = Release|Any CPU
		{6D2CA390-4AE1-42C0-9239-C8AF3AADAF1F}.Debug|Any CPU.ActiveCfg = Debug|Any CPU
		{6D2CA390-4AE1-42C0-9239-C8AF3AADAF1F}.Debug|Any CPU.Build.0 = Debug|Any CPU
		{6D2CA390-4AE1-42C0-9239-C8AF3AADAF1F}.Release|Any CPU.ActiveCfg = Release|Any CPU
		{6D2CA390-4AE1-42C0-9239-C8AF3AADAF1F}.Release|Any CPU.Build.0 = Release|Any CPU
		{514E1742-7590-46C0-8B86-F3A2E2C0FA07}.Debug|Any CPU.ActiveCfg = Debug|Any CPU
		{514E1742-7590-46C0-8B86-F3A2E2C0FA07}.Debug|Any CPU.Build.0 = Debug|Any CPU
		{514E1742-7590-46C0-8B86-F3A2E2C0FA07}.Release|Any CPU.ActiveCfg = Release|Any CPU
		{514E1742-7590-46C0-8B86-F3A2E2C0FA07}.Release|Any CPU.Build.0 = Release|Any CPU
		{91200BB1-9859-410F-8AF9-C05AB4384D8B}.Debug|Any CPU.ActiveCfg = Debug|Any CPU
		{91200BB1-9859-410F-8AF9-C05AB4384D8B}.Debug|Any CPU.Build.0 = Debug|Any CPU
		{91200BB1-9859-410F-8AF9-C05AB4384D8B}.Release|Any CPU.ActiveCfg = Release|Any CPU
		{91200BB1-9859-410F-8AF9-C05AB4384D8B}.Release|Any CPU.Build.0 = Release|Any CPU
		{21697327-548B-48C1-B1A8-69D2168B2CB8}.Debug|Any CPU.ActiveCfg = Debug|Any CPU
		{21697327-548B-48C1-B1A8-69D2168B2CB8}.Debug|Any CPU.Build.0 = Debug|Any CPU
		{21697327-548B-48C1-B1A8-69D2168B2CB8}.Release|Any CPU.ActiveCfg = Release|Any CPU
		{21697327-548B-48C1-B1A8-69D2168B2CB8}.Release|Any CPU.Build.0 = Release|Any CPU
		{BD123A09-BF6F-45B8-8643-79A95D5529C8}.Debug|Any CPU.ActiveCfg = Debug|Any CPU
		{BD123A09-BF6F-45B8-8643-79A95D5529C8}.Debug|Any CPU.Build.0 = Debug|Any CPU
		{BD123A09-BF6F-45B8-8643-79A95D5529C8}.Release|Any CPU.ActiveCfg = Release|Any CPU
		{BD123A09-BF6F-45B8-8643-79A95D5529C8}.Release|Any CPU.Build.0 = Release|Any CPU
		{910994D6-CD2E-4FD8-A76F-745BCABA65C7}.Debug|Any CPU.ActiveCfg = Debug|Any CPU
		{910994D6-CD2E-4FD8-A76F-745BCABA65C7}.Debug|Any CPU.Build.0 = Debug|Any CPU
		{910994D6-CD2E-4FD8-A76F-745BCABA65C7}.Release|Any CPU.ActiveCfg = Release|Any CPU
		{910994D6-CD2E-4FD8-A76F-745BCABA65C7}.Release|Any CPU.Build.0 = Release|Any CPU
		{34C1B5F9-9366-45AE-A3F8-C29FB5B347E6}.Debug|Any CPU.ActiveCfg = Debug|Any CPU
		{34C1B5F9-9366-45AE-A3F8-C29FB5B347E6}.Debug|Any CPU.Build.0 = Debug|Any CPU
		{34C1B5F9-9366-45AE-A3F8-C29FB5B347E6}.Release|Any CPU.ActiveCfg = Release|Any CPU
		{34C1B5F9-9366-45AE-A3F8-C29FB5B347E6}.Release|Any CPU.Build.0 = Release|Any CPU
		{2CB52CCF-5064-45D8-99DE-F7BF2DD157A6}.Debug|Any CPU.ActiveCfg = Debug|Any CPU
		{2CB52CCF-5064-45D8-99DE-F7BF2DD157A6}.Debug|Any CPU.Build.0 = Debug|Any CPU
		{2CB52CCF-5064-45D8-99DE-F7BF2DD157A6}.Release|Any CPU.ActiveCfg = Release|Any CPU
		{2CB52CCF-5064-45D8-99DE-F7BF2DD157A6}.Release|Any CPU.Build.0 = Release|Any CPU
		{6E73EB1D-65CB-44D9-8C7A-5ED5EFDEE42B}.Debug|Any CPU.ActiveCfg = Debug|Any CPU
		{6E73EB1D-65CB-44D9-8C7A-5ED5EFDEE42B}.Debug|Any CPU.Build.0 = Debug|Any CPU
		{6E73EB1D-65CB-44D9-8C7A-5ED5EFDEE42B}.Release|Any CPU.ActiveCfg = Release|Any CPU
		{6E73EB1D-65CB-44D9-8C7A-5ED5EFDEE42B}.Release|Any CPU.Build.0 = Release|Any CPU
		{77FBEAED-DEB3-4041-B471-8D53C0A87ADC}.Debug|Any CPU.ActiveCfg = Debug|Any CPU
		{77FBEAED-DEB3-4041-B471-8D53C0A87ADC}.Debug|Any CPU.Build.0 = Debug|Any CPU
		{77FBEAED-DEB3-4041-B471-8D53C0A87ADC}.Release|Any CPU.ActiveCfg = Release|Any CPU
		{77FBEAED-DEB3-4041-B471-8D53C0A87ADC}.Release|Any CPU.Build.0 = Release|Any CPU
		{A78871F4-3F55-4B99-8A3A-4EE6CA264651}.Debug|Any CPU.ActiveCfg = Debug|Any CPU
		{A78871F4-3F55-4B99-8A3A-4EE6CA264651}.Debug|Any CPU.Build.0 = Debug|Any CPU
		{A78871F4-3F55-4B99-8A3A-4EE6CA264651}.Release|Any CPU.ActiveCfg = Release|Any CPU
		{A78871F4-3F55-4B99-8A3A-4EE6CA264651}.Release|Any CPU.Build.0 = Release|Any CPU
		{B68D12A6-2755-47F8-9300-AEA8369B6E38}.Debug|Any CPU.ActiveCfg = Debug|Any CPU
		{B68D12A6-2755-47F8-9300-AEA8369B6E38}.Debug|Any CPU.Build.0 = Debug|Any CPU
		{B68D12A6-2755-47F8-9300-AEA8369B6E38}.Release|Any CPU.ActiveCfg = Release|Any CPU
		{B68D12A6-2755-47F8-9300-AEA8369B6E38}.Release|Any CPU.Build.0 = Release|Any CPU
		{A39D861E-2C0F-4A9C-8BBB-0631B0A11178}.Debug|Any CPU.ActiveCfg = Debug|Any CPU
		{A39D861E-2C0F-4A9C-8BBB-0631B0A11178}.Debug|Any CPU.Build.0 = Debug|Any CPU
		{A39D861E-2C0F-4A9C-8BBB-0631B0A11178}.Release|Any CPU.ActiveCfg = Release|Any CPU
		{A39D861E-2C0F-4A9C-8BBB-0631B0A11178}.Release|Any CPU.Build.0 = Release|Any CPU
		{BE6CF80E-1EE6-4D21-B8FE-B156FDB6B507}.Debug|Any CPU.ActiveCfg = Debug|Any CPU
		{BE6CF80E-1EE6-4D21-B8FE-B156FDB6B507}.Debug|Any CPU.Build.0 = Debug|Any CPU
		{BE6CF80E-1EE6-4D21-B8FE-B156FDB6B507}.Release|Any CPU.ActiveCfg = Release|Any CPU
		{BE6CF80E-1EE6-4D21-B8FE-B156FDB6B507}.Release|Any CPU.Build.0 = Release|Any CPU
		{77BD5B2E-9BFF-4A73-9DA2-38A34D508CE1}.Debug|Any CPU.ActiveCfg = Debug|Any CPU
		{77BD5B2E-9BFF-4A73-9DA2-38A34D508CE1}.Debug|Any CPU.Build.0 = Debug|Any CPU
		{77BD5B2E-9BFF-4A73-9DA2-38A34D508CE1}.Release|Any CPU.ActiveCfg = Release|Any CPU
		{77BD5B2E-9BFF-4A73-9DA2-38A34D508CE1}.Release|Any CPU.Build.0 = Release|Any CPU
		{BBF310E7-FC91-4233-BB1C-7B5F1BA16F9D}.Debug|Any CPU.ActiveCfg = Debug|Any CPU
		{BBF310E7-FC91-4233-BB1C-7B5F1BA16F9D}.Debug|Any CPU.Build.0 = Debug|Any CPU
		{BBF310E7-FC91-4233-BB1C-7B5F1BA16F9D}.Release|Any CPU.ActiveCfg = Release|Any CPU
		{BBF310E7-FC91-4233-BB1C-7B5F1BA16F9D}.Release|Any CPU.Build.0 = Release|Any CPU
		{DE100D07-97F4-4E71-BE96-5E2460C909F5}.Debug|Any CPU.ActiveCfg = Debug|Any CPU
		{DE100D07-97F4-4E71-BE96-5E2460C909F5}.Debug|Any CPU.Build.0 = Debug|Any CPU
		{DE100D07-97F4-4E71-BE96-5E2460C909F5}.Release|Any CPU.ActiveCfg = Release|Any CPU
		{DE100D07-97F4-4E71-BE96-5E2460C909F5}.Release|Any CPU.Build.0 = Release|Any CPU
		{44420AB3-5491-423C-A2F5-8A5C3A541D22}.Debug|Any CPU.ActiveCfg = Debug|Any CPU
		{44420AB3-5491-423C-A2F5-8A5C3A541D22}.Debug|Any CPU.Build.0 = Debug|Any CPU
		{44420AB3-5491-423C-A2F5-8A5C3A541D22}.Release|Any CPU.ActiveCfg = Release|Any CPU
		{44420AB3-5491-423C-A2F5-8A5C3A541D22}.Release|Any CPU.Build.0 = Release|Any CPU
		{134A7459-1185-4AC7-B0E1-EDFB9DEEC861}.Debug|Any CPU.ActiveCfg = Debug|Any CPU
		{134A7459-1185-4AC7-B0E1-EDFB9DEEC861}.Debug|Any CPU.Build.0 = Debug|Any CPU
		{134A7459-1185-4AC7-B0E1-EDFB9DEEC861}.Release|Any CPU.ActiveCfg = Release|Any CPU
		{134A7459-1185-4AC7-B0E1-EDFB9DEEC861}.Release|Any CPU.Build.0 = Release|Any CPU
		{C14671E9-71D9-4F8C-910C-8C28F3DB30FE}.Debug|Any CPU.ActiveCfg = Debug|Any CPU
		{C14671E9-71D9-4F8C-910C-8C28F3DB30FE}.Debug|Any CPU.Build.0 = Debug|Any CPU
		{C14671E9-71D9-4F8C-910C-8C28F3DB30FE}.Release|Any CPU.ActiveCfg = Release|Any CPU
		{C14671E9-71D9-4F8C-910C-8C28F3DB30FE}.Release|Any CPU.Build.0 = Release|Any CPU
		{CFEA8332-14EE-49FC-BB5C-A5FF5E79D282}.Debug|Any CPU.ActiveCfg = Debug|Any CPU
		{CFEA8332-14EE-49FC-BB5C-A5FF5E79D282}.Debug|Any CPU.Build.0 = Debug|Any CPU
		{CFEA8332-14EE-49FC-BB5C-A5FF5E79D282}.Release|Any CPU.ActiveCfg = Release|Any CPU
		{CFEA8332-14EE-49FC-BB5C-A5FF5E79D282}.Release|Any CPU.Build.0 = Release|Any CPU
		{8BD28EFB-B0E3-4485-811B-CAFF98A9980A}.Debug|Any CPU.ActiveCfg = Debug|Any CPU
		{8BD28EFB-B0E3-4485-811B-CAFF98A9980A}.Debug|Any CPU.Build.0 = Debug|Any CPU
		{8BD28EFB-B0E3-4485-811B-CAFF98A9980A}.Release|Any CPU.ActiveCfg = Release|Any CPU
		{8BD28EFB-B0E3-4485-811B-CAFF98A9980A}.Release|Any CPU.Build.0 = Release|Any CPU
		{F54BE52B-47AB-4FCD-8D6E-F2BBDA7A8AC1}.Debug|Any CPU.ActiveCfg = Debug|Any CPU
		{F54BE52B-47AB-4FCD-8D6E-F2BBDA7A8AC1}.Debug|Any CPU.Build.0 = Debug|Any CPU
		{F54BE52B-47AB-4FCD-8D6E-F2BBDA7A8AC1}.Release|Any CPU.ActiveCfg = Release|Any CPU
		{F54BE52B-47AB-4FCD-8D6E-F2BBDA7A8AC1}.Release|Any CPU.Build.0 = Release|Any CPU
		{2F8866EB-6201-4942-B85A-ADAFA75DC9F8}.Debug|Any CPU.ActiveCfg = Debug|Any CPU
		{2F8866EB-6201-4942-B85A-ADAFA75DC9F8}.Debug|Any CPU.Build.0 = Debug|Any CPU
		{2F8866EB-6201-4942-B85A-ADAFA75DC9F8}.Release|Any CPU.ActiveCfg = Release|Any CPU
		{2F8866EB-6201-4942-B85A-ADAFA75DC9F8}.Release|Any CPU.Build.0 = Release|Any CPU
		{B7F73EC6-F979-450E-BDED-CA32A0A6B21F}.Debug|Any CPU.ActiveCfg = Debug|Any CPU
		{B7F73EC6-F979-450E-BDED-CA32A0A6B21F}.Debug|Any CPU.Build.0 = Debug|Any CPU
		{B7F73EC6-F979-450E-BDED-CA32A0A6B21F}.Release|Any CPU.ActiveCfg = Release|Any CPU
		{B7F73EC6-F979-450E-BDED-CA32A0A6B21F}.Release|Any CPU.Build.0 = Release|Any CPU
		{CEC8EAAE-B436-4DC9-AECD-3A063178F740}.Debug|Any CPU.ActiveCfg = Debug|Any CPU
		{CEC8EAAE-B436-4DC9-AECD-3A063178F740}.Debug|Any CPU.Build.0 = Debug|Any CPU
		{CEC8EAAE-B436-4DC9-AECD-3A063178F740}.Release|Any CPU.ActiveCfg = Release|Any CPU
		{CEC8EAAE-B436-4DC9-AECD-3A063178F740}.Release|Any CPU.Build.0 = Release|Any CPU
		{A74A172D-CA8C-4140-BA8D-BCD19E44B4CC}.Debug|Any CPU.ActiveCfg = Debug|Any CPU
		{A74A172D-CA8C-4140-BA8D-BCD19E44B4CC}.Debug|Any CPU.Build.0 = Debug|Any CPU
		{A74A172D-CA8C-4140-BA8D-BCD19E44B4CC}.Release|Any CPU.ActiveCfg = Release|Any CPU
		{A74A172D-CA8C-4140-BA8D-BCD19E44B4CC}.Release|Any CPU.Build.0 = Release|Any CPU
		{3B9B62FF-7D53-4AD4-A725-31622A5B3EA8}.Debug|Any CPU.ActiveCfg = Debug|Any CPU
		{3B9B62FF-7D53-4AD4-A725-31622A5B3EA8}.Debug|Any CPU.Build.0 = Debug|Any CPU
		{3B9B62FF-7D53-4AD4-A725-31622A5B3EA8}.Release|Any CPU.ActiveCfg = Release|Any CPU
		{3B9B62FF-7D53-4AD4-A725-31622A5B3EA8}.Release|Any CPU.Build.0 = Release|Any CPU
		{9DEE92E1-38C3-47B6-859A-5922CEC3A0D2}.Debug|Any CPU.ActiveCfg = Debug|Any CPU
		{9DEE92E1-38C3-47B6-859A-5922CEC3A0D2}.Debug|Any CPU.Build.0 = Debug|Any CPU
		{9DEE92E1-38C3-47B6-859A-5922CEC3A0D2}.Release|Any CPU.ActiveCfg = Release|Any CPU
		{9DEE92E1-38C3-47B6-859A-5922CEC3A0D2}.Release|Any CPU.Build.0 = Release|Any CPU
		{0F3D68B8-EC45-4EDC-B316-B05D87B29EFB}.Debug|Any CPU.ActiveCfg = Debug|Any CPU
		{0F3D68B8-EC45-4EDC-B316-B05D87B29EFB}.Debug|Any CPU.Build.0 = Debug|Any CPU
		{0F3D68B8-EC45-4EDC-B316-B05D87B29EFB}.Release|Any CPU.ActiveCfg = Release|Any CPU
		{0F3D68B8-EC45-4EDC-B316-B05D87B29EFB}.Release|Any CPU.Build.0 = Release|Any CPU
		{F2627B9A-6F6F-42E1-BA0C-B5D7AD3C9DE7}.Debug|Any CPU.ActiveCfg = Debug|Any CPU
		{F2627B9A-6F6F-42E1-BA0C-B5D7AD3C9DE7}.Debug|Any CPU.Build.0 = Debug|Any CPU
		{F2627B9A-6F6F-42E1-BA0C-B5D7AD3C9DE7}.Release|Any CPU.ActiveCfg = Release|Any CPU
		{F2627B9A-6F6F-42E1-BA0C-B5D7AD3C9DE7}.Release|Any CPU.Build.0 = Release|Any CPU
		{CDF86EF1-A516-4CD2-AF3A-339F7956DA14}.Debug|Any CPU.ActiveCfg = Debug|Any CPU
		{CDF86EF1-A516-4CD2-AF3A-339F7956DA14}.Debug|Any CPU.Build.0 = Debug|Any CPU
		{CDF86EF1-A516-4CD2-AF3A-339F7956DA14}.Release|Any CPU.ActiveCfg = Release|Any CPU
		{CDF86EF1-A516-4CD2-AF3A-339F7956DA14}.Release|Any CPU.Build.0 = Release|Any CPU
		{5440A617-CFF7-4242-9E05-527C5E8DEC54}.Debug|Any CPU.ActiveCfg = Debug|Any CPU
		{5440A617-CFF7-4242-9E05-527C5E8DEC54}.Debug|Any CPU.Build.0 = Debug|Any CPU
		{5440A617-CFF7-4242-9E05-527C5E8DEC54}.Release|Any CPU.ActiveCfg = Release|Any CPU
		{5440A617-CFF7-4242-9E05-527C5E8DEC54}.Release|Any CPU.Build.0 = Release|Any CPU
		{C7A8CA3B-85A7-4305-BA8F-8393AB6C05B8}.Debug|Any CPU.ActiveCfg = Debug|Any CPU
		{C7A8CA3B-85A7-4305-BA8F-8393AB6C05B8}.Debug|Any CPU.Build.0 = Debug|Any CPU
		{C7A8CA3B-85A7-4305-BA8F-8393AB6C05B8}.Release|Any CPU.ActiveCfg = Release|Any CPU
		{C7A8CA3B-85A7-4305-BA8F-8393AB6C05B8}.Release|Any CPU.Build.0 = Release|Any CPU
		{A51389B7-CE24-443C-9E9B-A703C1D8362F}.Debug|Any CPU.ActiveCfg = Debug|Any CPU
		{A51389B7-CE24-443C-9E9B-A703C1D8362F}.Debug|Any CPU.Build.0 = Debug|Any CPU
		{A51389B7-CE24-443C-9E9B-A703C1D8362F}.Release|Any CPU.ActiveCfg = Release|Any CPU
		{A51389B7-CE24-443C-9E9B-A703C1D8362F}.Release|Any CPU.Build.0 = Release|Any CPU
		{307755A2-4D73-409D-88C3-6E926C7D1B7C}.Debug|Any CPU.ActiveCfg = Debug|Any CPU
		{307755A2-4D73-409D-88C3-6E926C7D1B7C}.Debug|Any CPU.Build.0 = Debug|Any CPU
		{307755A2-4D73-409D-88C3-6E926C7D1B7C}.Release|Any CPU.ActiveCfg = Release|Any CPU
		{307755A2-4D73-409D-88C3-6E926C7D1B7C}.Release|Any CPU.Build.0 = Release|Any CPU
		{AB07C872-AAC7-4220-A918-99747267B3C4}.Debug|Any CPU.ActiveCfg = Debug|Any CPU
		{AB07C872-AAC7-4220-A918-99747267B3C4}.Debug|Any CPU.Build.0 = Debug|Any CPU
		{AB07C872-AAC7-4220-A918-99747267B3C4}.Release|Any CPU.ActiveCfg = Release|Any CPU
		{AB07C872-AAC7-4220-A918-99747267B3C4}.Release|Any CPU.Build.0 = Release|Any CPU
		{CF4DEA59-A0FB-44CE-88C9-B429444DB4B7}.Debug|Any CPU.ActiveCfg = Debug|Any CPU
		{CF4DEA59-A0FB-44CE-88C9-B429444DB4B7}.Debug|Any CPU.Build.0 = Debug|Any CPU
		{CF4DEA59-A0FB-44CE-88C9-B429444DB4B7}.Release|Any CPU.ActiveCfg = Release|Any CPU
		{CF4DEA59-A0FB-44CE-88C9-B429444DB4B7}.Release|Any CPU.Build.0 = Release|Any CPU
		{6433F91E-0419-42C3-8D64-E609994BC1B8}.Debug|Any CPU.ActiveCfg = Debug|Any CPU
		{6433F91E-0419-42C3-8D64-E609994BC1B8}.Debug|Any CPU.Build.0 = Debug|Any CPU
		{6433F91E-0419-42C3-8D64-E609994BC1B8}.Release|Any CPU.ActiveCfg = Release|Any CPU
		{6433F91E-0419-42C3-8D64-E609994BC1B8}.Release|Any CPU.Build.0 = Release|Any CPU
		{DEEE0F1A-9B19-456B-A60B-6F2DC114F7F4}.Debug|Any CPU.ActiveCfg = Debug|Any CPU
		{DEEE0F1A-9B19-456B-A60B-6F2DC114F7F4}.Debug|Any CPU.Build.0 = Debug|Any CPU
		{DEEE0F1A-9B19-456B-A60B-6F2DC114F7F4}.Release|Any CPU.ActiveCfg = Release|Any CPU
		{DEEE0F1A-9B19-456B-A60B-6F2DC114F7F4}.Release|Any CPU.Build.0 = Release|Any CPU
		{F7FC0BEC-D09F-4DE4-BCAD-8D4AC3E18959}.Debug|Any CPU.ActiveCfg = Debug|Any CPU
		{F7FC0BEC-D09F-4DE4-BCAD-8D4AC3E18959}.Debug|Any CPU.Build.0 = Debug|Any CPU
		{F7FC0BEC-D09F-4DE4-BCAD-8D4AC3E18959}.Release|Any CPU.ActiveCfg = Release|Any CPU
		{F7FC0BEC-D09F-4DE4-BCAD-8D4AC3E18959}.Release|Any CPU.Build.0 = Release|Any CPU
		{65F76F32-DD72-40A7-A12A-B24D38600FF2}.Debug|Any CPU.ActiveCfg = Debug|Any CPU
		{65F76F32-DD72-40A7-A12A-B24D38600FF2}.Debug|Any CPU.Build.0 = Debug|Any CPU
		{65F76F32-DD72-40A7-A12A-B24D38600FF2}.Release|Any CPU.ActiveCfg = Release|Any CPU
		{65F76F32-DD72-40A7-A12A-B24D38600FF2}.Release|Any CPU.Build.0 = Release|Any CPU
		{66C698A1-996F-4F04-8BB7-BAAF84479D77}.Debug|Any CPU.ActiveCfg = Debug|Any CPU
		{66C698A1-996F-4F04-8BB7-BAAF84479D77}.Debug|Any CPU.Build.0 = Debug|Any CPU
		{66C698A1-996F-4F04-8BB7-BAAF84479D77}.Release|Any CPU.ActiveCfg = Release|Any CPU
		{66C698A1-996F-4F04-8BB7-BAAF84479D77}.Release|Any CPU.Build.0 = Release|Any CPU
		{B93E369F-87DA-43A8-8D7E-8A5AFAC3B3A0}.Debug|Any CPU.ActiveCfg = Debug|Any CPU
		{B93E369F-87DA-43A8-8D7E-8A5AFAC3B3A0}.Debug|Any CPU.Build.0 = Debug|Any CPU
		{B93E369F-87DA-43A8-8D7E-8A5AFAC3B3A0}.Release|Any CPU.ActiveCfg = Release|Any CPU
		{B93E369F-87DA-43A8-8D7E-8A5AFAC3B3A0}.Release|Any CPU.Build.0 = Release|Any CPU
		{BD55B027-2AF4-4410-8F3F-69C196365781}.Debug|Any CPU.ActiveCfg = Debug|Any CPU
		{BD55B027-2AF4-4410-8F3F-69C196365781}.Debug|Any CPU.Build.0 = Debug|Any CPU
		{BD55B027-2AF4-4410-8F3F-69C196365781}.Release|Any CPU.ActiveCfg = Release|Any CPU
		{BD55B027-2AF4-4410-8F3F-69C196365781}.Release|Any CPU.Build.0 = Release|Any CPU
		{66A0E50E-DF99-450B-9178-EE6AC559CF15}.Debug|Any CPU.ActiveCfg = Debug|Any CPU
		{66A0E50E-DF99-450B-9178-EE6AC559CF15}.Debug|Any CPU.Build.0 = Debug|Any CPU
		{66A0E50E-DF99-450B-9178-EE6AC559CF15}.Release|Any CPU.ActiveCfg = Release|Any CPU
		{66A0E50E-DF99-450B-9178-EE6AC559CF15}.Release|Any CPU.Build.0 = Release|Any CPU
		{8652F8D3-1FC2-4A81-BD0E-4FDA3DB0D7E3}.Debug|Any CPU.ActiveCfg = Debug|Any CPU
		{8652F8D3-1FC2-4A81-BD0E-4FDA3DB0D7E3}.Debug|Any CPU.Build.0 = Debug|Any CPU
		{8652F8D3-1FC2-4A81-BD0E-4FDA3DB0D7E3}.Release|Any CPU.ActiveCfg = Release|Any CPU
		{8652F8D3-1FC2-4A81-BD0E-4FDA3DB0D7E3}.Release|Any CPU.Build.0 = Release|Any CPU
		{D57FB697-01D0-4F4E-9781-86C594505A31}.Debug|Any CPU.ActiveCfg = Debug|Any CPU
		{D57FB697-01D0-4F4E-9781-86C594505A31}.Debug|Any CPU.Build.0 = Debug|Any CPU
		{D57FB697-01D0-4F4E-9781-86C594505A31}.Release|Any CPU.ActiveCfg = Release|Any CPU
		{D57FB697-01D0-4F4E-9781-86C594505A31}.Release|Any CPU.Build.0 = Release|Any CPU
		{D9D515E2-B12F-4A66-A60E-C8D40AD83AB7}.Debug|Any CPU.ActiveCfg = Debug|Any CPU
		{D9D515E2-B12F-4A66-A60E-C8D40AD83AB7}.Debug|Any CPU.Build.0 = Debug|Any CPU
		{D9D515E2-B12F-4A66-A60E-C8D40AD83AB7}.Release|Any CPU.ActiveCfg = Release|Any CPU
		{D9D515E2-B12F-4A66-A60E-C8D40AD83AB7}.Release|Any CPU.Build.0 = Release|Any CPU
		{EE13DED1-B642-4E1A-8EB3-DB3A9B6E9C29}.Debug|Any CPU.ActiveCfg = Debug|Any CPU
		{EE13DED1-B642-4E1A-8EB3-DB3A9B6E9C29}.Debug|Any CPU.Build.0 = Debug|Any CPU
		{EE13DED1-B642-4E1A-8EB3-DB3A9B6E9C29}.Release|Any CPU.ActiveCfg = Release|Any CPU
		{EE13DED1-B642-4E1A-8EB3-DB3A9B6E9C29}.Release|Any CPU.Build.0 = Release|Any CPU
		{456E9504-DC0D-4828-957B-D4BB5D54B58F}.Debug|Any CPU.ActiveCfg = Debug|Any CPU
		{456E9504-DC0D-4828-957B-D4BB5D54B58F}.Debug|Any CPU.Build.0 = Debug|Any CPU
		{456E9504-DC0D-4828-957B-D4BB5D54B58F}.Release|Any CPU.ActiveCfg = Release|Any CPU
		{456E9504-DC0D-4828-957B-D4BB5D54B58F}.Release|Any CPU.Build.0 = Release|Any CPU
		{9A2D9090-5915-4263-91B0-2F5CB35A5918}.Debug|Any CPU.ActiveCfg = Debug|Any CPU
		{9A2D9090-5915-4263-91B0-2F5CB35A5918}.Debug|Any CPU.Build.0 = Debug|Any CPU
		{9A2D9090-5915-4263-91B0-2F5CB35A5918}.Release|Any CPU.ActiveCfg = Release|Any CPU
		{9A2D9090-5915-4263-91B0-2F5CB35A5918}.Release|Any CPU.Build.0 = Release|Any CPU
		{6C23D897-EE4A-486F-A74F-7624B65D0E86}.Debug|Any CPU.ActiveCfg = Debug|Any CPU
		{6C23D897-EE4A-486F-A74F-7624B65D0E86}.Debug|Any CPU.Build.0 = Debug|Any CPU
		{6C23D897-EE4A-486F-A74F-7624B65D0E86}.Release|Any CPU.ActiveCfg = Release|Any CPU
		{6C23D897-EE4A-486F-A74F-7624B65D0E86}.Release|Any CPU.Build.0 = Release|Any CPU
		{09F88CA4-80C7-465C-B087-75DDF2D2546B}.Debug|Any CPU.ActiveCfg = Debug|Any CPU
		{09F88CA4-80C7-465C-B087-75DDF2D2546B}.Debug|Any CPU.Build.0 = Debug|Any CPU
		{09F88CA4-80C7-465C-B087-75DDF2D2546B}.Release|Any CPU.ActiveCfg = Release|Any CPU
		{09F88CA4-80C7-465C-B087-75DDF2D2546B}.Release|Any CPU.Build.0 = Release|Any CPU
		{ECE0B64F-E1F2-4669-AF54-5A4E95992FE2}.Debug|Any CPU.ActiveCfg = Debug|Any CPU
		{ECE0B64F-E1F2-4669-AF54-5A4E95992FE2}.Debug|Any CPU.Build.0 = Debug|Any CPU
		{ECE0B64F-E1F2-4669-AF54-5A4E95992FE2}.Release|Any CPU.ActiveCfg = Release|Any CPU
		{ECE0B64F-E1F2-4669-AF54-5A4E95992FE2}.Release|Any CPU.Build.0 = Release|Any CPU
		{CFA09810-7986-4115-9A0B-5481F1E6815B}.Debug|Any CPU.ActiveCfg = Debug|Any CPU
		{CFA09810-7986-4115-9A0B-5481F1E6815B}.Debug|Any CPU.Build.0 = Debug|Any CPU
		{CFA09810-7986-4115-9A0B-5481F1E6815B}.Release|Any CPU.ActiveCfg = Release|Any CPU
		{CFA09810-7986-4115-9A0B-5481F1E6815B}.Release|Any CPU.Build.0 = Release|Any CPU
		{FE9AFF94-3F60-4A28-9DE7-A75BDF6C34BD}.Debug|Any CPU.ActiveCfg = Debug|Any CPU
		{FE9AFF94-3F60-4A28-9DE7-A75BDF6C34BD}.Debug|Any CPU.Build.0 = Debug|Any CPU
		{FE9AFF94-3F60-4A28-9DE7-A75BDF6C34BD}.Release|Any CPU.ActiveCfg = Release|Any CPU
		{FE9AFF94-3F60-4A28-9DE7-A75BDF6C34BD}.Release|Any CPU.Build.0 = Release|Any CPU
		{5A1A05AB-AA20-4E7F-9ED4-1A92DB02A241}.Debug|Any CPU.ActiveCfg = Debug|Any CPU
		{5A1A05AB-AA20-4E7F-9ED4-1A92DB02A241}.Debug|Any CPU.Build.0 = Debug|Any CPU
		{5A1A05AB-AA20-4E7F-9ED4-1A92DB02A241}.Release|Any CPU.ActiveCfg = Release|Any CPU
		{5A1A05AB-AA20-4E7F-9ED4-1A92DB02A241}.Release|Any CPU.Build.0 = Release|Any CPU
		{7571A2B8-FA32-47CD-9CBF-0FDEF4C93DE9}.Debug|Any CPU.ActiveCfg = Debug|Any CPU
		{7571A2B8-FA32-47CD-9CBF-0FDEF4C93DE9}.Debug|Any CPU.Build.0 = Debug|Any CPU
		{7571A2B8-FA32-47CD-9CBF-0FDEF4C93DE9}.Release|Any CPU.ActiveCfg = Release|Any CPU
		{7571A2B8-FA32-47CD-9CBF-0FDEF4C93DE9}.Release|Any CPU.Build.0 = Release|Any CPU
		{419B6256-E33D-4759-9C7B-9AD24EE574E7}.Debug|Any CPU.ActiveCfg = Debug|Any CPU
		{419B6256-E33D-4759-9C7B-9AD24EE574E7}.Debug|Any CPU.Build.0 = Debug|Any CPU
		{419B6256-E33D-4759-9C7B-9AD24EE574E7}.Release|Any CPU.ActiveCfg = Release|Any CPU
		{419B6256-E33D-4759-9C7B-9AD24EE574E7}.Release|Any CPU.Build.0 = Release|Any CPU
		{C7AD4003-5FFF-4C2B-B5F6-D77431374314}.Debug|Any CPU.ActiveCfg = Debug|Any CPU
		{C7AD4003-5FFF-4C2B-B5F6-D77431374314}.Debug|Any CPU.Build.0 = Debug|Any CPU
		{C7AD4003-5FFF-4C2B-B5F6-D77431374314}.Release|Any CPU.ActiveCfg = Release|Any CPU
		{C7AD4003-5FFF-4C2B-B5F6-D77431374314}.Release|Any CPU.Build.0 = Release|Any CPU
		{0CB5AE2A-ABB4-49E7-AA6F-36D52A4AFC3F}.Debug|Any CPU.ActiveCfg = Debug|Any CPU
		{0CB5AE2A-ABB4-49E7-AA6F-36D52A4AFC3F}.Debug|Any CPU.Build.0 = Debug|Any CPU
		{0CB5AE2A-ABB4-49E7-AA6F-36D52A4AFC3F}.Release|Any CPU.ActiveCfg = Release|Any CPU
		{0CB5AE2A-ABB4-49E7-AA6F-36D52A4AFC3F}.Release|Any CPU.Build.0 = Release|Any CPU
		{C2DF11CB-7474-4723-98E0-8BE1E9FEDA10}.Debug|Any CPU.ActiveCfg = Debug|Any CPU
		{C2DF11CB-7474-4723-98E0-8BE1E9FEDA10}.Debug|Any CPU.Build.0 = Debug|Any CPU
		{C2DF11CB-7474-4723-98E0-8BE1E9FEDA10}.Release|Any CPU.ActiveCfg = Release|Any CPU
		{C2DF11CB-7474-4723-98E0-8BE1E9FEDA10}.Release|Any CPU.Build.0 = Release|Any CPU
		{3C541A04-5127-419E-BEDA-C92DA92ECA0F}.Debug|Any CPU.ActiveCfg = Debug|Any CPU
		{3C541A04-5127-419E-BEDA-C92DA92ECA0F}.Debug|Any CPU.Build.0 = Debug|Any CPU
		{3C541A04-5127-419E-BEDA-C92DA92ECA0F}.Release|Any CPU.ActiveCfg = Release|Any CPU
		{3C541A04-5127-419E-BEDA-C92DA92ECA0F}.Release|Any CPU.Build.0 = Release|Any CPU
		{6E9FF998-153B-4AC4-9BD4-6EDF53CBCAB9}.Debug|Any CPU.ActiveCfg = Debug|Any CPU
		{6E9FF998-153B-4AC4-9BD4-6EDF53CBCAB9}.Debug|Any CPU.Build.0 = Debug|Any CPU
		{6E9FF998-153B-4AC4-9BD4-6EDF53CBCAB9}.Release|Any CPU.ActiveCfg = Release|Any CPU
		{6E9FF998-153B-4AC4-9BD4-6EDF53CBCAB9}.Release|Any CPU.Build.0 = Release|Any CPU
		{48A5EE2D-8082-4FB7-986F-71C0F4A816F9}.Debug|Any CPU.ActiveCfg = Debug|Any CPU
		{48A5EE2D-8082-4FB7-986F-71C0F4A816F9}.Debug|Any CPU.Build.0 = Debug|Any CPU
		{48A5EE2D-8082-4FB7-986F-71C0F4A816F9}.Release|Any CPU.ActiveCfg = Release|Any CPU
		{48A5EE2D-8082-4FB7-986F-71C0F4A816F9}.Release|Any CPU.Build.0 = Release|Any CPU
		{5AF71A17-6D07-4E07-97D3-EAF868FD63FD}.Debug|Any CPU.ActiveCfg = Debug|Any CPU
		{5AF71A17-6D07-4E07-97D3-EAF868FD63FD}.Debug|Any CPU.Build.0 = Debug|Any CPU
		{5AF71A17-6D07-4E07-97D3-EAF868FD63FD}.Release|Any CPU.ActiveCfg = Release|Any CPU
		{5AF71A17-6D07-4E07-97D3-EAF868FD63FD}.Release|Any CPU.Build.0 = Release|Any CPU
		{DA0E972B-5785-47C2-A10B-4C6014BA8256}.Debug|Any CPU.ActiveCfg = Debug|Any CPU
		{DA0E972B-5785-47C2-A10B-4C6014BA8256}.Debug|Any CPU.Build.0 = Debug|Any CPU
		{DA0E972B-5785-47C2-A10B-4C6014BA8256}.Release|Any CPU.ActiveCfg = Release|Any CPU
		{DA0E972B-5785-47C2-A10B-4C6014BA8256}.Release|Any CPU.Build.0 = Release|Any CPU
		{4E01E3AD-5930-472B-8FBF-26E7B82DE797}.Debug|Any CPU.ActiveCfg = Debug|Any CPU
		{4E01E3AD-5930-472B-8FBF-26E7B82DE797}.Debug|Any CPU.Build.0 = Debug|Any CPU
		{4E01E3AD-5930-472B-8FBF-26E7B82DE797}.Release|Any CPU.ActiveCfg = Release|Any CPU
		{4E01E3AD-5930-472B-8FBF-26E7B82DE797}.Release|Any CPU.Build.0 = Release|Any CPU
		{10C6511F-63CE-48A9-9E89-68CFAAF5B396}.Debug|Any CPU.ActiveCfg = Debug|Any CPU
		{10C6511F-63CE-48A9-9E89-68CFAAF5B396}.Debug|Any CPU.Build.0 = Debug|Any CPU
		{10C6511F-63CE-48A9-9E89-68CFAAF5B396}.Release|Any CPU.ActiveCfg = Release|Any CPU
		{10C6511F-63CE-48A9-9E89-68CFAAF5B396}.Release|Any CPU.Build.0 = Release|Any CPU
		{62C3E773-0FFA-4C9F-81EA-0D458F60C697}.Debug|Any CPU.ActiveCfg = Debug|Any CPU
		{62C3E773-0FFA-4C9F-81EA-0D458F60C697}.Debug|Any CPU.Build.0 = Debug|Any CPU
		{62C3E773-0FFA-4C9F-81EA-0D458F60C697}.Release|Any CPU.ActiveCfg = Release|Any CPU
		{62C3E773-0FFA-4C9F-81EA-0D458F60C697}.Release|Any CPU.Build.0 = Release|Any CPU
		{8152BA4F-A74B-409F-B4A8-AEC7288FD0CC}.Debug|Any CPU.ActiveCfg = Debug|Any CPU
		{8152BA4F-A74B-409F-B4A8-AEC7288FD0CC}.Debug|Any CPU.Build.0 = Debug|Any CPU
		{8152BA4F-A74B-409F-B4A8-AEC7288FD0CC}.Release|Any CPU.ActiveCfg = Release|Any CPU
		{8152BA4F-A74B-409F-B4A8-AEC7288FD0CC}.Release|Any CPU.Build.0 = Release|Any CPU
		{FA8308C3-B9AD-430E-9B80-909C15DA90E7}.Debug|Any CPU.ActiveCfg = Debug|Any CPU
		{FA8308C3-B9AD-430E-9B80-909C15DA90E7}.Debug|Any CPU.Build.0 = Debug|Any CPU
		{FA8308C3-B9AD-430E-9B80-909C15DA90E7}.Release|Any CPU.ActiveCfg = Release|Any CPU
		{FA8308C3-B9AD-430E-9B80-909C15DA90E7}.Release|Any CPU.Build.0 = Release|Any CPU
		{E7854E6C-A73B-436F-AE31-F8683A6C59C5}.Debug|Any CPU.ActiveCfg = Debug|Any CPU
		{E7854E6C-A73B-436F-AE31-F8683A6C59C5}.Debug|Any CPU.Build.0 = Debug|Any CPU
		{E7854E6C-A73B-436F-AE31-F8683A6C59C5}.Release|Any CPU.ActiveCfg = Release|Any CPU
		{E7854E6C-A73B-436F-AE31-F8683A6C59C5}.Release|Any CPU.Build.0 = Release|Any CPU
		{23001EBC-862D-449D-B48E-FF95BCE55D03}.Debug|Any CPU.ActiveCfg = Debug|Any CPU
		{23001EBC-862D-449D-B48E-FF95BCE55D03}.Debug|Any CPU.Build.0 = Debug|Any CPU
		{23001EBC-862D-449D-B48E-FF95BCE55D03}.Release|Any CPU.ActiveCfg = Release|Any CPU
		{23001EBC-862D-449D-B48E-FF95BCE55D03}.Release|Any CPU.Build.0 = Release|Any CPU
		{05FE8E52-2F5E-480E-9661-ABE652B85AB7}.Debug|Any CPU.ActiveCfg = Debug|Any CPU
		{05FE8E52-2F5E-480E-9661-ABE652B85AB7}.Debug|Any CPU.Build.0 = Debug|Any CPU
		{05FE8E52-2F5E-480E-9661-ABE652B85AB7}.Release|Any CPU.ActiveCfg = Release|Any CPU
		{05FE8E52-2F5E-480E-9661-ABE652B85AB7}.Release|Any CPU.Build.0 = Release|Any CPU
		{BB08FAAF-C18C-44FC-8B3B-72040296232D}.Debug|Any CPU.ActiveCfg = Debug|Any CPU
		{BB08FAAF-C18C-44FC-8B3B-72040296232D}.Debug|Any CPU.Build.0 = Debug|Any CPU
		{BB08FAAF-C18C-44FC-8B3B-72040296232D}.Release|Any CPU.ActiveCfg = Release|Any CPU
		{BB08FAAF-C18C-44FC-8B3B-72040296232D}.Release|Any CPU.Build.0 = Release|Any CPU
		{F64068A8-389F-45AB-87F8-A2D88DD601AE}.Debug|Any CPU.ActiveCfg = Debug|Any CPU
		{F64068A8-389F-45AB-87F8-A2D88DD601AE}.Debug|Any CPU.Build.0 = Debug|Any CPU
		{F64068A8-389F-45AB-87F8-A2D88DD601AE}.Release|Any CPU.ActiveCfg = Release|Any CPU
		{F64068A8-389F-45AB-87F8-A2D88DD601AE}.Release|Any CPU.Build.0 = Release|Any CPU
		{A2BDC518-32B1-4B7A-94C1-CE186DEBA1CF}.Debug|Any CPU.ActiveCfg = Debug|Any CPU
		{A2BDC518-32B1-4B7A-94C1-CE186DEBA1CF}.Debug|Any CPU.Build.0 = Debug|Any CPU
		{A2BDC518-32B1-4B7A-94C1-CE186DEBA1CF}.Release|Any CPU.ActiveCfg = Release|Any CPU
		{A2BDC518-32B1-4B7A-94C1-CE186DEBA1CF}.Release|Any CPU.Build.0 = Release|Any CPU
		{79F0AE04-74CC-4C5B-86EA-1CE22F0FC1F4}.Debug|Any CPU.ActiveCfg = Debug|Any CPU
		{79F0AE04-74CC-4C5B-86EA-1CE22F0FC1F4}.Debug|Any CPU.Build.0 = Debug|Any CPU
		{79F0AE04-74CC-4C5B-86EA-1CE22F0FC1F4}.Release|Any CPU.ActiveCfg = Release|Any CPU
		{79F0AE04-74CC-4C5B-86EA-1CE22F0FC1F4}.Release|Any CPU.Build.0 = Release|Any CPU
		{E40E1BD2-6F54-4B96-A4A6-798B57F6E0F5}.Debug|Any CPU.ActiveCfg = Debug|Any CPU
		{E40E1BD2-6F54-4B96-A4A6-798B57F6E0F5}.Debug|Any CPU.Build.0 = Debug|Any CPU
		{E40E1BD2-6F54-4B96-A4A6-798B57F6E0F5}.Release|Any CPU.ActiveCfg = Release|Any CPU
		{E40E1BD2-6F54-4B96-A4A6-798B57F6E0F5}.Release|Any CPU.Build.0 = Release|Any CPU
		{C1A7C36C-F30A-4CBB-8F7E-1B00FAC24A3C}.Debug|Any CPU.ActiveCfg = Debug|Any CPU
		{C1A7C36C-F30A-4CBB-8F7E-1B00FAC24A3C}.Debug|Any CPU.Build.0 = Debug|Any CPU
		{C1A7C36C-F30A-4CBB-8F7E-1B00FAC24A3C}.Release|Any CPU.ActiveCfg = Release|Any CPU
		{C1A7C36C-F30A-4CBB-8F7E-1B00FAC24A3C}.Release|Any CPU.Build.0 = Release|Any CPU
		{5E26284E-9B87-4BFA-B9A4-3BAB49BFCDFD}.Debug|Any CPU.ActiveCfg = Debug|Any CPU
		{5E26284E-9B87-4BFA-B9A4-3BAB49BFCDFD}.Debug|Any CPU.Build.0 = Debug|Any CPU
		{5E26284E-9B87-4BFA-B9A4-3BAB49BFCDFD}.Release|Any CPU.ActiveCfg = Release|Any CPU
		{5E26284E-9B87-4BFA-B9A4-3BAB49BFCDFD}.Release|Any CPU.Build.0 = Release|Any CPU
	EndGlobalSection
	GlobalSection(SolutionProperties) = preSolution
		HideSolutionNode = FALSE
	EndGlobalSection
	GlobalSection(ExtensibilityGlobals) = postSolution
		SolutionGuid = {60CC574E-3886-4572-8EE5-1E5AA16EC918}
	EndGlobalSection
EndGlobal
